# novadeck package manifest — GENERATED by images/genmanifest.sh, do not hand-edit.
# Regenerate with `make relock` after any deliberate package change; review the diff.
#
# repo snapshot: https://holo-packages.steamos.cloud/holo-core-aarch64-preview/mash-20251118.3
# built in:      registry.gitlab.steamos.cloud/holo/holo-core-aarch64-preview/base-devel@sha256:6192d72da679a9fc93c422ade17ddadb9b8023df4ccb600e7b80c193ddf62e05   (execution environment only — contributes no files)
#
# name version arch source sha256   (source: snapshot|novadeck|prebuilt|stripped)
# Every row carries a real hash: the root is bootstrapped from packages (Phase 4c), so
# there is no content on the image that no package file put there.
# The hash column pins two different things, because these classes are pinned by
# genuinely different mechanisms:
#   snapshot/stripped/prebuilt  the FILE — the exact bytes fetched and installed.
#   novadeck                    the SOURCES — packages/inputhash.sh over that package's
#     source.pin + patches + local PKGBUILD. These are built here and are not
#     bit-reproducible, so an artifact hash would move on every rebuild from unchanged
#     inputs. Rows sharing a hash come from one split PKGBUILD (mesa emits three).
# 'stripped' rows are installed like 'snapshot' ones and then deleted from the release
# image: images/seal.list declares them, images/seal-rootfs.sh removes them.
abseil-cpp 20250814.1-1 aarch64 snapshot 95d5afae5b292eb93de1128fc0a5c250fdc5ed71758ce48e294dd6c868138eb1
acl 2.3.2-1.2 aarch64 snapshot 57dd0cf474187d1584f2894b1da10449c42cbf24228aceae8eefc253c70029a0
adwaita-fonts 49.0-2.2 any snapshot b121e977fe1f6715ad7c710734e8490923f4e84a2cee5053e55e8d256be0cbfb
alsa-card-profiles 1:1.4.9-1 aarch64 snapshot bffa166aedda395d9de61abeb7c2ab92cb6418193aef1bbfacb6dbdbae36dda9
alsa-lib 1.2.14-2 aarch64 snapshot d5bed06296bd6817135a282fcd6b7ef7e4a719af94814e7466c0c3878ef9d0b1
alsa-topology-conf 1.2.5.1-4 any snapshot a76b237e24973099b3cee9d3c89f4f8b46d9133411f0992bd46a5131e4427a0c
alsa-ucm-conf 1.2.14-2 any snapshot fcd43d67a74282e76f56f5f5ca7c1dcfad3d12ddd7efc51353f84ba177e89181
aom 3.13.1-1 aarch64 snapshot c0346de420afb4036b8bda7aab4d07f0cb753b2403fecf24bcb78ecc2c03d256
archlinux-keyring 20251116-1 any stripped f41283a331697db8e0bd3472a24676d82dd404527efa782b6f58d77c18bfa201
at-spi2-core 2.58.1-2 aarch64 snapshot 228d03a47d94a456fec1d54a4d91ac6b1723d51a2cdbb72d469a07576cf082b9
attr 2.5.2-1.2 aarch64 snapshot 128ba6da6d6d17392c9c7894f3fe8af994d64e70235714b1a96d55f4d9f0d932
audit 4.1.2-1 aarch64 snapshot c125c2f478bd734a8c817bf49fcd3e4ba9ae0e41b9723d52b6f0a8151a641108
avahi 1:0.9rc2-1 aarch64 snapshot ada1f3f79978ad0e7a6ffb290e5aecc7dcf9c4c10b02d6523f81787b24f270d9
base 3-2 any snapshot 25da12f0347e4bef6c215dcd32b6495beb86010a8c7e40828167b95f56639061
bash 5.3.3-2 aarch64 snapshot c5a787770d69706d27da3d716c479505d12fb4a51e351ab3e10a6370bd16c0cf
bluez 5.84-2 aarch64 snapshot 456c50d22c234b3f64fdb08e0a9d90313d5332a5e2d9b4de51cde160edd9c192
bluez-libs 5.84-2 aarch64 snapshot daa112703f5628b573c40275f6e2de9f78cc23cfbfd7f995d97018be425d1012
bluez-utils 5.84-2 aarch64 snapshot b7ca397ada2986e108278ab85eb84148d92b536a78d1c2ac0be13cede3f5ad82
brotli 1.1.0-3 aarch64 snapshot b44afb9690d2264e25e9da7da8bdddc9e4d6f3ca96c5e5df3791781443b7186b
btrfs-progs 6.17.1-1 aarch64 snapshot a922c5b6fc5ce6e7bcf3e81abb57613ef7160455ce1b1299666a92de4d0b52a1
bubblewrap 0.11.0-1 aarch64 snapshot e654a794dc3ab778cb060f7413ef9460e069d4229654ac7df152d3a598a29e2a
bzip2 1.0.8-6 aarch64 snapshot d3811e3340bc406f40f4c59d9ea815e46091ba362226f8aa6ce0ee3eaa63ea6c
ca-certificates 20240618-1 any snapshot 982005bd5ecc998c05f561b57bb58b4457407779727e3c3d59e926d34a8b0712
ca-certificates-mozilla 3.117-1 aarch64 snapshot 81cbfdfe493f5e0bb4ce6b5ce9a0524f5ca7f2e80056bd91d6e955abdd864e0d
ca-certificates-utils 20240618-1 any snapshot aabd5b2b7030716ccdd465d607e734e851fe4a01adf8293a3968fe22eb89ce9b
cairo 1.18.4-1 aarch64 snapshot d3d64a92e050a35877154ae55391221b999f300fc8fecda5ff012c4bc8ab5a7e
coreutils 9.9-1 aarch64 snapshot 858d50312a67057ccc739c6d1713e2ef8b30b521fdd026fa4966148915655bdc
cryptsetup 2.8.1-1 aarch64 snapshot f4e2200f5efc3a5b0b92cdc0771e7708211eed7b5997d79ba2b928f29a61c3f5
curl 8.17.0-2 aarch64 snapshot 0fa37be62493a98f0020db0cb625262f03c3e98c0f0ab76e26bba8fefd5d4534
dav1d 1.5.2-1 aarch64 snapshot 7ff03e96707f7be022b88dac8501556dccd91686d39f5eb960016c2deb00488b
db5.3 5.3.28-5.2 aarch64 snapshot 5acd28d6457b2c88e92a1731c241e7fbb51ae80d23510087f08b1bfd530cb380
dbus 1.16.2-1 aarch64 snapshot 99a094819e93c6f22e10ea8eed4daf2fcfefcf7d1535859ad923cf2d3d1b4ef1
dbus-broker 37-2 aarch64 snapshot d6ac6932ce9bbaad6cdefe343215a47059b36581252dd84fc5a64f2eb4e6bb95
dbus-broker-units 37-2 aarch64 snapshot 869e17d1ccc43bfff342eae94551cb02a60fbdac75de10351089f2b01f5d841d
dbus-units 37-2 aarch64 snapshot 41467bf0b75d8a5b68b5aaf942ff8652415232d98af5406d0719a8b0078af134
dconf 0.49.0-1 aarch64 snapshot 2a1ab3161420deb4abd5dcfbd4ebba62211fd4923ed407359535b4a750868d3a
decky-loader v3.2.8-pre1 - prebuilt 9df160a81df3fc49c96e5665a1d1b3ba5c79de5bf271adc266d6bfedfda399d8
default-cursors 3-1 any snapshot ae52028372c3b2f66547baab41f1614b25472489d927b1a50b596bb8df7c056e
desktop-file-utils 0.28-1 aarch64 snapshot ba2a87da6581763019780c9bdaa47ba0b7e24dee3e186f973e76d2041fb5a237
device-mapper 2.03.36-2 aarch64 snapshot ee956dd984c6a56069da3c058f15b9db736f496bd56656d4c9ed5c06928f307f
double-conversion 3.3.1-1.2 aarch64 snapshot a4e5d9e7577cde2f90fd74d609547b6993ac46981a97fe40051331c503b062ee
duktape 2.7.0-7 aarch64 snapshot 24807fc3fa8d08db6ae5b8fd262ffcbb957a2380ed6113e5f30dccd5e1ff1935
e2fsprogs 1.47.3-1.1 aarch64 snapshot c4891f028f3dbe44fdcd1b0dfae00273133cf167e24a7a4b19d13861334c3611
earlyoom 1.9.0-1 aarch64 snapshot 165191291c9da18a4b08b51c07f5c22f81fbcaf220348a22ab5c336c1a687f3d
elfutils 0.194-1 aarch64 snapshot 9ec098cecd8f1a1fee4a0dbf9f84964c78ff1f71faefa258191fd80537647e19
erofsfuse 1.8.10-1 aarch64 snapshot 438e80a29a7a752cf4eadb2f16ff7e3d93c1ad058b2c4a45f12aa0dcc8ce198a
expat 2.7.3-1 aarch64 snapshot 4e4564fc8bd28f9601c8dbdd96c1410cbeb2ccff555d51e62a684bb8059b5600
fex-emu 2608-1.1 aarch64 novadeck ba15276ce37d921c108c3ccef06eea07dd94e14ddff6f136a73ec0422fba0b28
fex-rootfs 2026-08-11 - prebuilt b035dcfe31a3d8e7ee497f2809caa11bf3a85bc68d707c7621d7433839d19ff2
ffmpeg 2:8.0-3 aarch64 snapshot 9be2ecaa588c389bf3847d4275d3f7435f6365a9b23b8aed32276717e871c615
fftw 3.3.10-7 aarch64 snapshot 0c8837554f2901418d9fa745905253edb9e6da7d6031e8c163d476dc4ebd63a5
file 5.46-5 aarch64 snapshot 7add4a139ded696163aab6a7a623480b48c505f8ffbb6023c93cd839118ec093
filesystem 2025.10.12-1 any snapshot 6b6c3fee7432204840d3b6afc9bc1a68c28f591a47fb220071715c40cca956df
findutils 4.10.0-3 aarch64 snapshot 3e131af3daed6a31324c31861686c7bb2ebc29bc39e3d3f7dc35e80c64fc8109
flac 1.5.0-1 aarch64 snapshot 8864a9348dd3c079e89b62f9c578be900ff63579605ba83de6e6dd0dc78706f2
fmt 12.1.0-1 aarch64 snapshot a756a84a5ecdd9a1d545d32c304d60304eb98f49cf9775ae7b788dccf0e5612a
fontconfig 2:2.17.1-1 aarch64 snapshot 10c55d9d0abca7ea40d778b34cb2fce5f39974042f4f6681c4c541fa24dc771f
freetype2 2.14.1-1 aarch64 snapshot 41e077053d6227d02217b609dc5dd8d3c478df2148ff6c9ffac7546645615c7f
fribidi 1.0.16-2 aarch64 snapshot 111a98b837dc6b5d9008b4c3a19bc5baffbcb1096625d758aeb1d51a6e507e3d
fuse-common 3.17.4-1 aarch64 snapshot a0b4949183172db958285e29f7eb4767bf15828cdaab8beb37ad3824070bd921
fuse2 2.9.9-5 aarch64 snapshot 381287b1fef7b96bc9c90064419f0edd32138c7cc8c3a977008ebc596ced46e5
fuse3 3.17.4-1 aarch64 snapshot 30a6fd4fdf1e0bd09f8d15781118f1977407d1236b6d93fe3ad522c4511751d6
gamescope 3.16.25-1.1 aarch64 novadeck c04b2fde97466064fb8094f0ca2690da136de0993f92068df64bd786abdc6c22
gawk 5.3.2-1 aarch64 snapshot e2008e50f4c7828a48e3ad57ebc1c8d72bbe319f4ba02b122f598848738e04b0
gcc-libs 15.2.1+r301+gf24307422d1d-1 aarch64 snapshot 98743a0e313c7d6c010cc0264d424c1a057f32901f13e5fc20e80f792716b511
gdbm 1.26-1 aarch64 snapshot 5954e0ed0cdf4e224b67e5dcf0b29923bf10aaa9469c7792347a04389742b029
gdk-pixbuf2 2.44.4-1 aarch64 snapshot b02cb85da7c997dc976d0e58b97d878cdf85b7e246c940e09749f5fa1a5cb164
gettext 0.26-1 aarch64 snapshot 5b468f6462022409eb0c6944087955db4e3906c63a154e4fc8793a369fbdad2b
giflib 5.2.2-2 aarch64 snapshot d097293bb54b251d309f4061164b7fe698bd5e8549ac34bec538ad2fa2cd3fa8
glfw 1:3.4-1 aarch64 snapshot cdda900f31382c418ae620910e625090e3cbc82d21fe55d39887f22c572d7355
glib2 2.86.1-1 aarch64 snapshot 0557b58eaf4cbc1939a61fab38ba266eeabde04c25c489380bfa7aab4e472fef
glibc 2.42+r33+gde1fe81f4714-1 aarch64 snapshot dd012b1d2c833b0ff5788956f3bf67ec648b103db26ceba8b8a1eabc9c9392dc
glslang 1:1.4.328.1-1 aarch64 snapshot c6d9f360d77b22985ed6b2e91165d96165f5ea2a9ee8aad6b739deb555edba8a
glycin 2.0.7-1 aarch64 snapshot a68d2e0fcfd4641ec8c19163c3b735650adb434c480038b4545cbe867908c408
gmp 6.3.0-2.2 aarch64 snapshot fea83ba4ab31031ad0fb94da4a10042f877137d02fd1985004c521b45fd7f333
gnulib-l10n 20241231-1 any snapshot 86e6ea818cb331171018bef6e4486c1176064655e0d459bcecc9cc9c2bb74a2c
gnupg 2.4.8-3 aarch64 stripped 750ea990462a6b0fa0ea0cc90526700ba4b0686c9d2f99baf2af26e39d29be79
gnutls 3.8.10-1 aarch64 snapshot 35cc8267f89fbd040eccb573055bb13db76e3651db004489fab667036070ab26
gobject-introspection-runtime 1.86.0-1 aarch64 snapshot 17d50818c2b7155956d83560aa88fd725727b64208dc95ac5c746aa25c5507f7
gperftools 2.17.2-1 aarch64 snapshot 56257180c947aafe4599da2c8ff97fc02e32057a11e0b9a03f5c50d85f92f6e3
gpgme 2.0.1-1 aarch64 snapshot 8462549defcdd7c7a62b1105e6efddc06d6a01fea6f52295d88b9c3e4507c69f
gpm 1.20.7.r38.ge82d1a6-6 aarch64 snapshot 3e6233c680baab5204a11099256715c897178dfc123031dd3a462e99daee5701
graphite 1:1.3.14-5 aarch64 snapshot 5fd8471f8c946c2f8b5d21896e640c66b8842e9484f79d7b09963f728b749c23
grep 3.12-2.2 aarch64 snapshot 0915f2004376a6600d9d07ca1cdb7982fa012636b813eaa79f3d40e74ab6b448
gsettings-desktop-schemas 49.1-1 any snapshot d8c9f6ee16566bbb178eadea307e337a62e19fc6c1c0fed75a355f9d257a8ac0
gsettings-system-schemas 49.1-1 any snapshot 46c1684fb36b7601f60d5aca1ac3552b0d9a042278b30fdc393c1dae40303c5d
gsm 1.0.22-2 aarch64 snapshot c384132ba71fbf59c237b5436aa5efe209414ba8ba8f961f78171ce8fd7b342a
gtest 1.17.0-1 aarch64 snapshot b21385658d601c17ff55c389b1b3c91bd3e80dcbd73b00dec8f8ef4847b37b6c
gtk-update-icon-cache 1:4.20.2-3 aarch64 snapshot 51279ea2c6d222eb3c4c78d685ea804a684151da48f234e3c14da3b08b2fa154
gtk2 2.24.33-5.1 aarch64 novadeck 0b970d88c782679948542ba0441c970660d95bbba7a764d2ec2c9f91e722a354
gzip 1.14-2.2 aarch64 snapshot e3d1fccd7eab31ab853ebf90d6ae467cfc05f4d6e5c15bc985ed8dfc2c1d2994
harfbuzz 12.2.0-2 aarch64 snapshot 2b4d41a064abd5fc0c3fd1835811367f1304243bfea173277ecf6dc63b4e5c62
hicolor-icon-theme 0.18-1 any snapshot 22ec69012b9a55e276b5891f916366f692541dce3793bff3e85a28a10b91990a
hidapi 0.15.0-1 aarch64 snapshot 39a25ef6e2602c6835ae971dbaec5e16340ebc61bac419f3badebac6f232f479
highway 1.3.0-1 aarch64 snapshot 25ed329d20c0e63eb152ec16f4305e2eb1c21df9688518885d2dacffe8752319
hwdata 0.401-1 any snapshot a55051d80b2a858c99636272a731c4c90e0f0300ede709ac1287fc32076fd2e1
iana-etc 20251030-1 any snapshot a96affd4010a855f60684111422d1710a5dce8b5871561cea7f1469bf983af65
icu 78.1-1.1 aarch64 snapshot 03d9e6806a80e12089595ae64df746f311b81d2c5082bddd8db3aa4a4479bf74
inputplumber 0.77.7 - prebuilt 8fdc71dc8259a9216669be00acd57bc584918cbbf24aadd89cc72df8b8770c83
iproute2 6.17.0-1 aarch64 snapshot b05e855eb60c40f2b353f7e3ab24e24e6093bd7ac80e733c3b579555c8182e55
iptables 1:1.8.11-2 aarch64 snapshot 35171376ec63b9f78427d7465da4f7f7d7adc51970233580161a57d97962c476
iputils 20250605-1 aarch64 snapshot 7243effda28732780bfb297fdd9c89826ef1754b866f9857b6c2b43df5699b05
iw 6.17-1 aarch64 snapshot f586ce187e398fff8cb8994c0709d2566e65de53e71f0040cb6c29a23958f0a7
jack2 1.9.22-1 aarch64 snapshot 53d1dd5d7b192204289ddb74a077046892cd31ae02156fc77ee635ef412242c4
jansson 2.14.1-1 aarch64 snapshot 2aa6d548901a03ae327dec6a7678dd92d31c176a45bd2f7f576ccdeae9891b83
jbigkit 2.1-8.2 aarch64 snapshot 7ab8636db9aead92eee46123469adbd2c72775a45af6aa7a6fc766b36b83e319
json-c 0.18-2 aarch64 snapshot f837b42c4aa892b8e1fe8e4b504566dc6fe4a38d0bc1c524d4ce2c7322d8b2ee
json-glib 1.10.8-1 aarch64 snapshot 2d54c0fb011c320d8e45212ff49aebb3d48d763edcda3724d5550b562d3f3ccd
kbd 2.9.0-1 aarch64 snapshot 2baf951c4d5c8e8e17ea66ef11684dd5cdfb1db4167e40fa7468cea798ac7fd5
keyutils 1.6.3-3 aarch64 snapshot b1e24c67ed87819860a9eafe9d4c5b2169eb815f0a9497feed065f80513746f1
kmod 34.2-1 aarch64 snapshot f06940f11879f78162ab85023871c1989facb55eb5d5c6bebde83519c8c672e8
krb5 1.21.3-2 aarch64 snapshot 6544ef73ff4c5b4ff6e2ffb954229d42738adba2daa8edded23f484320572ba4
l-smash 2.14.5-4 aarch64 snapshot fda53ac5847da984337fbf0fda25e9e0487bbf66573a48a870355166905e8f8a
lame 3.100-6 aarch64 snapshot db94be227bc3471df34fd9f0c53590750535304a0a232dd6ab7f86178bb56d1a
lcms2 2.17-1 aarch64 snapshot 5eba0d94a02c830c9639473708e7ac5f2e069dd81b52e7f5c11f3c3b4d9c5375
leancrypto 1.6.0-1 aarch64 snapshot 7e0ec447b60b8f533837906eff92c245afff807179d80ecc464906db995afa2d
libaio 0.3.113-3 aarch64 snapshot 6426df849e5f47205a876984e60f2edb8ad5f9630489bdd4fc317536c3ecff1f
libarchive 3.8.2-1 aarch64 snapshot 9d040b63debbf4c5af200d1603ef4843b8ec39ddcd2e2437a5f4b2fd488defd6
libass 0.17.4-1 aarch64 snapshot 71ba7f50bdc4fc7573144bd40b2eab7c75f94c9724dcb0893548c33aada66b8c
libassuan 3.0.0-1 aarch64 snapshot bd2345c492a80c4e1b84998c3911da454a177cfd7bbb5a352ebcb27f5ea83528
libasyncns 1:0.8+r3+g68cd5af-3 aarch64 snapshot 74d751c640903200413a6f04c633ddcb3195b8024efd40d9927d486e61f64419
libavc1394 0.5.4-7 aarch64 snapshot 7ef4d28428d403c9d6691b6c843357e76d60a99b1b5e0f5d2777bc2db5d31d08
libavif 1.3.0-3 aarch64 snapshot bbad7ad60ca55057b26a9e720bb7308fd9a151907c437f9737ea5bdb17a82505
libb2 0.98.1-3 aarch64 snapshot 4899fec2cf40f5c08bc838941e633e4946e17eb9d8ca5bd65344ca36b1665d4d
libbluray 1.4.0-2 aarch64 snapshot f9b917ebd4a4295afec0e187c983f268ba91188eb7b7663df54241321829a66a
libbpf 1.5.1-1 aarch64 snapshot 130e09fb57d4b26342829793d62f9b56814d2b8da1e53252fed66c05445e2f17
libbs2b 3.1.0-9 aarch64 snapshot f8c4e8275d4f72b7da962c3045b167c4d6c4d7e61f01ea7a3ce0c0125c21d5ec
libcap 2.77-1 aarch64 snapshot 18ff910f9c42ec0a2f5b6212b7858355d187990540996a943fd472804d12fc4f
libcap-ng 0.8.5-3 aarch64 snapshot 961e84390ba6cfed3b975863259753bf3afb4ee2b1765563073ab28e4ad633bb
libcups 2:2.4.14-1 aarch64 snapshot 9213aaa189c79e534f014a134b675b18948502ded084542d496d5b0e5a7981f1
libdaemon 0.14-6 aarch64 snapshot 2b87acae2cfa1ee3bc1f54304ff88bbbf860dc3c0a5a17d7a6cb721593187fc7
libdatrie 0.2.13-4.2 aarch64 snapshot cbdca76c190f294636a1814e66663065e1d72a695a3934552ca9278f26968490
libdecor 0.2.4-1 aarch64 snapshot 73380d2f93893078c64859be2d0bd279361f010b685ca1d75858a031b2dbc035
libdeflate 1.24-1 aarch64 snapshot 3f9d7d6e88b00486f91d46acaba0c06205c1cc6e065fc844084431f3f1a873a8
libdisplay-info 0.3.0-1 aarch64 snapshot 621bd400597419fe2ff764ec4b223d8ae3b9fc9b69461efb5ecbf43795213c91
libdovi 3.3.2-1 aarch64 snapshot a19cec2ef84ae87701537b62cf08bd39bec26d46b6866fa8f406fe464e18d5d4
libdrm 2.4.129-1 aarch64 snapshot 3307b5732bdaa2fbe0a0a5ec3d1612b07259df7e608a8180bf6af2e74d4775d8
libdvdnav 7.0.0-1 aarch64 snapshot 0a4631272fa3118dc8dd6e708e0afcf1bdec1ddab2b6092fa0a02d105fcf7f06
libdvdread 7.0.1-1 aarch64 snapshot 1e69e1cb1fd6e441106dd3276b89f757054738415dd90d7ba61fbab1e45a8323
libebur128 1.2.6-2 aarch64 snapshot c85db4d39ced2fdef2a502eed7d00622363aaa109829cf86292f23b8d835a867
libedit 20250104_3.1-1 aarch64 snapshot 5570f44f0ab7649f78d59bfbb41a13e3796e85cfe351597d1ec042cbf168742b
libei 1.5.0-1 aarch64 snapshot e327b252ec7f484dadc6cc98500d429283e21bf8ad537053e2f75ca5fd81fc34
libelf 0.194-1 aarch64 snapshot f39923cd0cefb9fb23eb1fe1f17fbcf795012dacb0c3ccf6ea7f7451350baa9f
libepoxy 1.5.10-3 aarch64 snapshot e31b35835f495a2cfbc3ffeb001793a56e2cca3b8e2051d00654fb0376916461
libevdev 1.13.5-1 aarch64 snapshot 166a147c63b838f7b133140ef25982ccbcefb9bf4d9a3b853ca86c15b3824013
libevent 2.1.12-4 aarch64 snapshot 79b3d7643883e9292438d5d77054d30f50a1b2a30e313d8c0991ee985ebacfe3
libfdk-aac 2.0.3-1 aarch64 snapshot ce9aece05d7b5a0cca4321bfee9d0ed42f8172abb0e1115e3ec9f3992bcdc9bb
libffi 3.5.2-1 aarch64 snapshot 539e42f19a7ce53bfa5ab63c6e2112eba0650cf9d8ed03dfb020570aa9e8553d
libfontenc 1.1.8-1 aarch64 snapshot 774e3ef64877a1d75dd922dbe38fb87ab43d8e4e9522b75166d324d92456e142
libfreeaptx 0.2.2-1 aarch64 snapshot 0256ed9f8c1c599108b784dd51bd54da256c282a963641c4a56030900c4b654d
libgcrypt 1.11.2-1 aarch64 snapshot 45c025100e1d005965ac6a8adc2db509aec2a4d81a15ba6461f19f6f9a4fc146
libgirepository 1.86.0-1 aarch64 snapshot f0ab751da31eed1f678c0875935fb0cb2824d0218db705f7486c0f44e89b6700
libglvnd 1.7.0-3 aarch64 snapshot 071bbab48c59c4a546be845ad7ea29d4bd51624b961a7e877fc154a465d868f8
libgpg-error 1.56-1 aarch64 snapshot 1c99f103d84109bc089baedf8807417cc3ba1d014b285b6585c30622ad5e950b
libgudev 238-3 aarch64 snapshot 97bb9ff56b0f600c7083a57ea6579491c1a9d612a48ffb92e68e7420524c5d58
libice 1.1.2-1 aarch64 snapshot 022758604c9357e31116fe22841cf05b1984d1b3e1baaa57b0a56fc1ce46568c
libidn2 2.3.7-1 aarch64 snapshot b8b3d8b03cfc7c37c81a080eb158dd354aad6550e734cf6f96f502326308cc55
libiec61883 1.2.0-9 aarch64 snapshot 4e932d117e897d40cda965b30692773c6fe96bb0f050eb2cadb384e63c69b3a7
libiio 0.26-4 aarch64 snapshot 190d76761097f3c60325bc4b1bb24e039e15de19377b9958f023b1287dc9805d
libinput 1.29.2-1 aarch64 snapshot 845d4340e56d2004c96da6f1661e8ec36e31bbde0e2f9f4375a55a55a6d02216
libjpeg-turbo 3.1.2-1 aarch64 snapshot 8511477c4f80dcf368321fb17961a70bf107b7747f7f3a6b594ea69ccbaca1aa
libjxl 0.11.1-5 aarch64 snapshot 4116e3f9726f23cc1c5af3dd6c48b0120016ca9ccb8230ddf48ff8791c9a9196
libksba 1.6.7-2 aarch64 snapshot d965996b5a10cf6e3aeb92f2a948820bc28f9563973e86b2dd8296a2a2691b99
liblc3 1.1.3-1 aarch64 snapshot ecb24b04ae5b88b873a2a30a4e638f8461c6122ce23aa29e6a0e1947350dee28
libldac 2.0.2.3-2 aarch64 snapshot 6141588c46d3910cef0e084851a4676c8fdd8fd1c44e08d60d3fbfa93809e54a
libldap 2.6.10-2 aarch64 snapshot a321a071d2682bfd8611e15cfc834b6164e8fccca8561140f94c53ccd0e8eb93
libmm-glib 1.24.2-1 aarch64 snapshot bac0146ca1e2f60deccabcc9f81dded0dfe249874a23900a8e53bdfbf179ff55
libmnl 1.0.5-2 aarch64 snapshot fa3c76a8c9072cbf32dcf59245a0cd9a4a2922f00c84a21cb01f7495aa8c190d
libmodplug 0.8.9.0-6 aarch64 snapshot 62eee1fa73ff455856494e74d0064bf3cc7c4af1b6fc90775be747ef678ed60b
libmysofa 1.3.3-1 aarch64 snapshot ed41f7a6574b3452b89e888ff8d613fffaf3fa05f2e6e2feb9a08213797f8218
libndp 1.9-1.2 aarch64 snapshot 1872421fa4d9ffe0bff7222703a8768f2d1280b089f1175357a9658ad26bcf2c
libnetfilter_conntrack 1.0.9-2 aarch64 snapshot 708988b0ec002283b30d7e948f87c4217a1ced878be8d3fa1659d22290a2f50b
libnewt 0.52.25-1 aarch64 snapshot 897fee65a55bc9b6e9f8d7e6198f71a528af15a2042f07a84da24162f67a4fb0
libnfnetlink 1.0.2-2 aarch64 snapshot eb2836eb830b2a587e293ce89548ba822c14c92cd385ee70666c346e2146c3a4
libnftnl 1.3.0-1 aarch64 snapshot be0acce068196ce2682c90612120f6e57c2ba93a93b0f86ea7f1d1b5da68d937
libnghttp2 1.68.0-1 aarch64 snapshot e3b3f8f92e4c8e1048204ac8b96528c332300f024827dcd44b48eb0add2d68c5
libnghttp3 1.12.0-1 aarch64 snapshot 21ceaf46771f890a0e1d86b53a4d4271e87416fb14480234ee4d47ebf99c41d7
libnl 3.11.0-1 aarch64 snapshot 2c7d4af1dec8c1f444635c4d890b75a9c0cf035565a5eecbea8d4f01deaba959
libnm 1.54.2-1 aarch64 snapshot a956c2eb84759f0d75f0e89f611ba676293c34197e416de29bf64af2246b9c4e
libnsl 2.0.1-1 aarch64 snapshot b25e52fda0d05348e5f7655825bfe9476b47e37b4fbd92f6e0badec8fcf31888
libnvme 1.16.1-1 aarch64 snapshot ca377c36c4819ea2813e005670390504647c34e3b3eb71c4fee07d385c4f7c4e
libogg 1.3.6-1 aarch64 snapshot 5b9be187865e0aa0fedaa790ad50f08a47d21475e84576f6d524be7b6092dad8
libopenmpt 0.8.3-1 aarch64 snapshot 1455032a194aa302b708d8f8f357240e06c6879964b96ad89ee65a4b4ffde1d5
libp11-kit 0.25.10-2 aarch64 snapshot 2744cffe533955e1601c92a7f1eb5089ec7655a6bf0d6c123e7561a853d59694
libpcap 1.10.5-3 aarch64 snapshot b799454c2162f56acfe630df20ee73c05007d0ccd79825a53a8c261d0b6d0f4b
libpciaccess 0.18.1-2 aarch64 snapshot 6457a51dda866961a083bac166646205edf31a621f7f83b8a096d1a7825b388c
libpgm 5.3.128-3.2 aarch64 snapshot 68589e1342b6fd3fce294ac6f29645988556e0be37b4da39d5e4dc2adfe1d45c
libpipewire 1:1.4.9-1 aarch64 snapshot e85332b152c7357a684b0f6d623e80e7aeee839877df17a5e9cad6962e863de2
libplacebo 7.351.0-3 aarch64 snapshot 8c1c11fa03e13aca52bdc164cc774319b052949b5476cc8e7150f072d597a290
libpng 1.6.50-1 aarch64 snapshot 544406af54d28c118753362219cc6204c5ef75972e61202aa0184ec07589aff8
libproxy 0.5.11-1 aarch64 snapshot 099ae70c1a88104158ea98bf4797f0b687d0c96c886b75e27cb9d0fd61fb22aa
libpsl 0.21.5-2 aarch64 snapshot 196b48fdd464d5a9fa3e6e6a8092193447b5f0ce8d59ed238d6b66a8b90fb656
libpulse 17.0+r93+gbe2efb69b-1 aarch64 snapshot c854fb0c9ab5e9c767b65a9dcb253a3ac1f4fc0d2488d9b8d01630deba847dc4
libraw1394 2.1.2-4 aarch64 snapshot d3f94c4db89449eee0b1326d115cc1635c3935df7294ca539d4712750a2cd0ff
librsvg 2:2.61.3-1 aarch64 snapshot f46245dcc1b7c7a3c3546b576d6ab2a79f1f275924c36d3329cb5b4323a5c3a8
libsamplerate 0.2.2-3 aarch64 snapshot 96dcdf4b472889e5d48be8066c594ef886282bff73c90fa510f7dd2bb3e7d039
libsasl 2.1.28-5.2 aarch64 snapshot 4261db0a05f370beec55bcb5e253ffac3dbfb81fa85e00746f775c8a46ceffbf
libseccomp 2.5.6-1.2 aarch64 snapshot 314efb962bf132cc2b13226d766fe102de05c74937d548ec36c36f52c230c509
libsecret 0.21.7-1 aarch64 snapshot d57c064e66bba839a5457646d4635390f698fb61aae271ebcd45e72d8ba9e07f
libserialport 0.1.2-1 aarch64 snapshot b458bbeedb24c5f0363368a822b9208b8ec1ea36c37c253ca3fd5039c46e6b1a
libsm 1.2.6-1 aarch64 snapshot c9e23265d839a78c10d9922018204fbea83fc74b41d9d2d47ab77d4e6af82b49
libsndfile 1.2.2-4 aarch64 snapshot d7f9faba3480054425f1037f4599de2a5ace195ce68f47b41b82dc8b2ee53f09
libsodium 1.0.20-1 aarch64 snapshot 103ad5de31ea3a84e72fc16a733fd395f85b9b3f55e6f678e0d684039cef924e
libsoxr 0.1.3-4 aarch64 snapshot dd1a0f23fdf2cbc6d6932c9e3ddc61b426caf0c9089236c41b7169303e502132
libssh 0.11.3-1 aarch64 snapshot 8b887533e226a339508f1cf3789a671194fe55d8fb7f021e5c61ba8e7b3684f7
libssh2 1.11.1-1 aarch64 snapshot 690607215e2c0ddfd84dbafce4f93d5cbd35a7070343085ba09249655643bc95
libsysprof-capture 49.0-1 aarch64 snapshot c92956205ca3f918658608580807d193812b5c720fafd97c3b9d09284b01b3a7
libtasn1 4.20.0-1 aarch64 snapshot 6e78e43641158a0fb83274155f4a07dfe5d495e50095b2f8c275c1dc4182593d
libteam 1.32-2 aarch64 snapshot 49b300d0fbb6d882b8db08caeab72fea89f1e7b4d6ed5ddbc3e114f1fe0cd1f3
libthai 0.1.29-3.2 aarch64 snapshot c8edd3a8b26de80fe25b1d24568ca2d2d025fa9ec95d6db369cfa029b16629c5
libtheora 1.2.0-1 aarch64 snapshot 853696c06287637750441b5b7091c5a283e0a582ddac2ba25a1bf1a81b5c6a5d
libtiff 4.7.1-1 aarch64 snapshot b5b7c13e76b6ea63411c69dfb83e5f42bff92b8f8cf082a2986caca9f0eea680
libtirpc 1.3.7-1 aarch64 snapshot b1a0dde910f94ebb37d6df988257432f24cb691282609edd8bae00dbf7166d1c
libunibreak 6.1-1 aarch64 snapshot 952dc56d599b503923ecfe5292bd7d081527848eb8133f7a10fb83ab48a315f4
libunistring 1.3-1 aarch64 snapshot 3fd7943f85f2339a786b8b30ffe395d64dd13efd8ed2f0552f70751491466544
libunwind 1.8.2-1 aarch64 snapshot 178f5948afc362aa684660488ab5483ce340ef68eda262bc32d0484a8476e0b2
liburing 2.12-1 aarch64 snapshot 622982436448996bfaccded6674e275746bfc55195c09ae2a17f1e50c2abb116
libusb 1.0.29-1 aarch64 snapshot b3c1ef3cdf547ddc7a852ea426da7d2c920298c5c231537b33c896606b6fb27d
libva 2.22.0-1 aarch64 snapshot 2ce788ae338bdc2fe3a5f0d7e8306664e1e7498545c351a972e8e6e577f13659
libvdpau 1.5-3.2 aarch64 snapshot c460b32b997675411c077376093d156c7dab01dbe32845c1ca47d5f9e8ebaa04
libverto 0.3.2-5 aarch64 snapshot b3a963cab86738da594746c74ebc2aa2ab32015af5af8cdd2b68195cb3368bd3
libvorbis 1.3.7-4 aarch64 snapshot 5c19f0d88c80177800e859bc7d079a6e136b1621adea2da18f5a31eed2c0c5e7
libvpl 2.15.0-1 aarch64 snapshot 11ea684d2c270ade079584dfa4ea9010d4904e3f56e7d6d3d4ada00b27e08f9c
libvpx 1.15.2-2 aarch64 snapshot af11ef4f60cb8e1c421e9d41ab54b3674517fa54f20735c55f7ce70da2de550d
libwacom 2.17.0-1 aarch64 snapshot f30c332d57bb3012498dadd0b4e5bc37e70b632ec541603ea917d4b3dbfb2fb8
libwebp 1.6.0-2 aarch64 snapshot d9d6e55d480c5688dd5b05530b25b5f59f877814d78231e6277f153c34834c43
libwireplumber 0.5.12-1 aarch64 snapshot 0f279d7807d0992372bb90b0a899c69b745d09940d53d34c706ab79b4c74de80
libx11 1.8.12-1 aarch64 snapshot d8683fa052f946a474f668428986c73120c8ddefde2cbaf97cfe1be3aab1f9bf
libxau 1.0.12-1 aarch64 snapshot 0ff8f3ed8ce34ffb0058c074029e170dec24dbb10e1d2d62af3bc7c7a2f81da1
libxcb 1.17.0-1 aarch64 snapshot 0db12db6b386cf9f009153e560301dc20b32b8950fe8f996394a6ee14a7a9251
libxcomposite 0.4.6-2 aarch64 snapshot b669877d0c418bf38673b04eb0459992faff9da91d2d3ac1854f146f0b0eff18
libxcrypt 4.5.2-1 aarch64 snapshot 0eb7e2fac74c3320306dbded65ce0d1dcfa6fa8c0e4400d7945f84834fc69633
libxcursor 1.2.3-1 aarch64 snapshot 9c36192309843ff1e00c051c8e1fb5c3d48dbe4d0570d12a745c4b7188470662
libxcvt 0.1.3-1 aarch64 snapshot e6889e9b094c6455df8a6444c9940476172f3fb89fb9076a304a0a964e64a122
libxdamage 1.1.6-2 aarch64 snapshot 7dd0c6f86a7c5d4850dfa4a3d68aa5c0cddad0b9998ef33f540abfb8caf51a35
libxdmcp 1.1.5-1 aarch64 snapshot 2085d8683f5194e84336ca8131181c7a30d5a5efbfede0f74b7f32c160a161ea
libxext 1.3.6-1 aarch64 snapshot 9311483a7e216ce2760baa8b6a3e84f3fea313508df637dddea80f9b0356aa01
libxfixes 6.0.2-1 aarch64 snapshot 739c5681fb311298e661eaaf76cef39458181b6acfc71d527908446d466326fd
libxfont2 2.0.7-1 aarch64 snapshot bd2671b45d4b5acf8f203a7ff98194750f6f5e3b6b51d1dde36c6c7cf5f4e7ca
libxft 2.3.9-1 aarch64 snapshot 4f5743f0c6e7f0ab9636b21992e09ac1dd0a46a43c15a5aa082619f024c24e6d
libxi 1.8.2-1 aarch64 snapshot 2ecac1e436f0b5fc249e597d180603097f52b46d43c9175ef53b814a8d9d4bcc
libxinerama 1.1.5-2 aarch64 snapshot f104386bddf9968da211e6fa7bb3b2608c445f7dc5735006ccc536a6318667a4
libxkbcommon 1.13.0-1 aarch64 snapshot 203009e542567056af118956bd974934b4b820dfb0ce6bbe635791d8eb6d48aa
libxkbcommon-x11 1.13.0-1 aarch64 snapshot fecbc48558a2632655baf9b4b0bf6dcf1dddca67fd8dd477a77f47e61e2984bb
libxkbfile 1.1.3-1 aarch64 snapshot b7aa2dab4f212d511af47d6d5258196c847a9eba9881417d9ad1f5ac3adc2116
libxml2 2.15.1-4 aarch64 snapshot c647f72e0192895bae3728f21b7cc696e2bb3cbf589238ef2d8262b7f4b35ab6
libxmu 1.2.1-1 aarch64 snapshot b01564bbc6e6755e172a7d4e050ee59e38b51c405c8197c03af3eea221c65a1a
libxrandr 1.5.4-1 aarch64 snapshot e95dab93d8decc216febb378b5548006ac20a006128bcb4fcfb9fb176f5181a2
libxrender 0.9.12-1 aarch64 snapshot ef4fd7f2535503bca6956f6d665e02c6c6ff3b48e75a8703dd211aa3af86a673
libxres 1.2.3-1 aarch64 snapshot 51e573ffe16b8656684b47ce2c3f4e19d79541c6dfb49715d49c6104eb31c07a
libxshmfence 1.3.3-1 aarch64 snapshot 02c67ce63904c360ceaa7c8f406b1211e8257fbc05f7bd26dceb0ba941c8a81e
libxt 1.3.1-1 aarch64 snapshot e42b25f49f8a453512da92a9c0d6abaf9633f0c1743a93476af775b926787214
libxtst 1.2.5-1 aarch64 snapshot a5f7228858f771a19c7eb64f4df41dd2f08579f567b7c7df1b23e58dec9079a8
libxv 1.0.13-1 aarch64 snapshot 0e4a8823cb69d1939bc496f7a7cabf560ba807a98fbe67ddda97e742b4cee5d1
libxxf86vm 1.1.6-1 aarch64 snapshot 12f5924da46f9c14bc211b6c9bd1e4378786e3aca46449564b000b78c25d8d1f
libyuv r2426+464c51a03-1 aarch64 snapshot 262963ade7421af529f30aa8e86d1698b493245fcbd9361617ff8c1672d65511
licenses 20240728-1 any snapshot 47e9f4ad914da21f6326cc4eb84a788043523191f80d8e661b936b25d7fa1879
lilv 0.24.26-1 aarch64 snapshot 5105d1cf5c73b4dc7ba18058a875bdfa96faf94117385003800a81f1254309d5
linux-api-headers 6.17-1 aarch64 snapshot 6d575a84ea2dcf6b7c67c5752eb2e8291e0ea330dac440a3ca6190ffccaff150
lm_sensors 1:3.6.2-1.2 aarch64 snapshot 0227689b3ff48c3f9bf51eca86334c9dd1cf408efc60fa0867681cb177fa5a85
lmdb 0.9.33-1 aarch64 snapshot 6a1f519424a34ef20e812023c3fd05d67cf56405b25e7acb1b0a21298793b440
lsof 4.99.5-2 aarch64 snapshot b62f83f67f8c202dc52cabe1e983c840ed43dd70e676e642c9ce5d129acb65d6
lua 5.4.8-2 aarch64 snapshot 42ef5c113a05f1dba2e0a0a317a54048966049f1c550f63ad14b41fac7bb34f0
luajit 2.1.1763148144-1 aarch64 snapshot 720800f582313b84bb6513f84515ce1648c9dd995d6b99b136fc7a0782f60e9c
lv2 1.18.10-2 aarch64 snapshot f9649868951778577d7475fd807646a1a6aef6603ed53b41815a3688590e92ea
lz4 1:1.10.0-2 aarch64 snapshot af5d44c36259e2257ba033b623ef6104dcc2a552271264b6b433ddaf8422f3ee
lzo 2.10-5 aarch64 snapshot ff11d9a5060ae28fbece3faad126724314232747cc09b836157f02ee09d3869a
mangohud 0.8.4-1.1 aarch64 novadeck ed7227d69bb2f50c58a4561c6ab60d4b5186ad4cf59bae8bc76eee88c395debb
md4c 0.5.2-1 aarch64 snapshot b542000427e8b628fc344dcc0a00bab5d1b4fb470d046591cf3702cc96283d85
mesa 1:26.2.0-1.1 aarch64 novadeck 23b5efbb3a3a784a0de2491e0bfc86680f2a6a4f7c0e5c69b82d30e6ca036394
mobile-broadband-provider-info 20251101-1 any snapshot 1b0146d8b72f6ffc3edcccd5709d8de42798c4827a5fccd994c389584d60c56c
mpdecimal 4.0.1-1 aarch64 snapshot eff733ac090d3010d32720a43a8c5a51085bff934a80d6ebc58f6fbdfa6f1cb6
mpfr 4.2.2-1 aarch64 snapshot 25f827431b1a13a6f524d76e62c0b0bdc5c1bf6ffd3d849cf73b5f840172ac2f
mpg123 1.33.3-1 aarch64 snapshot b4f6497423537bdc11179bc9927bf3014bcf960eb78936eb108a9bbbdab7bbba
mtdev 1.1.7-1 aarch64 snapshot ddc6848de75a95048baacb5a27f06980dc1f8384f41bd5346d0dd048ee8ebd86
ncurses 6.5-4 aarch64 snapshot 13251e30eaf6cb4c86a246fe098a2c050f722603c0e186f7f2fa071e9f834cc6
nettle 3.10.2-1 aarch64 snapshot 5cb3df998f01ea7ff5fed07631c2fe4e17ce3b805e09a1137a5dd9dca2e82acd
networkmanager 1.54.2-1 aarch64 snapshot e4442d4a80142b9d3535157e2b0edde3620e74a281a66891eee16c84836148ed
noto-fonts 1:2025.11.01-1 any snapshot ac29cf8da523c307a9ef2a4916371177e7c597be143333bbfff733ef8bba375a
noto-fonts-cjk 20240730-1 any snapshot bab25db69704a9055a7b5f608a6ec921ea0b15aa54e1e35ae4d83aa1c0970662
noto-fonts-emoji 1:2.051-1 any snapshot 34db08b3f09570154158648b81304bbdb9991178d8da22de096d95968e836d65
npth 1.8-1 aarch64 snapshot 33c3ce47a23ab2db17bedfb58cf5a8a4a88328875425f63331893f609bfc784f
nspr 4.38.2-1 aarch64 snapshot 8f1ad44d9f9caf9dddf1c54de56ce9c0398770068df57f688c692729a1702b14
nss 3.117-1 aarch64 snapshot 6343c823dd31c955cd92ae690e45b811d1deee5e42c00ee2ce51ae7fe47bc550
ocl-icd 2.3.4-1 aarch64 snapshot 9c7d001bdae2d19a4fc2c050a1a14bbb17853989880824964095a4b85ad14374
openal 1.24.3-2 aarch64 snapshot 222da361749c1a63aa91985819d19924716303d9d66c363752621d3aadf895d2
opencore-amr 0.1.6-2 aarch64 snapshot 4fa7055c225c274bd2b76c617dd48ade52ea0f1316320eeff49411e652e52cbf
openjpeg2 2.5.4-1 aarch64 snapshot 1f5d24b1f8ae967010f553244cd905f2d06e58003f486459c90a654fd4047b90
openssh 10.2p1-2 aarch64 snapshot b96ab7c370317b95543420e34b544317272d48560d0a559d83de8dc501073713
openssl 3.6.0-1 aarch64 snapshot 37af902b03352be907340f6b481a1e6e34aed7180a20be363ba1e56ecd7c5078
opus 1.5.2-1 aarch64 snapshot 34f280315ceccde55eadbe6d423be541b63af1e932fc7c2bfb7e7c6a8f9a68c7
p11-kit 0.25.10-2 aarch64 snapshot 6718375249aa680f95635bd0ea51c627332e64bb6fcdeb4e69ec196a3416e605
pacman 7.0.0.r6.gc685ae6-6.2 aarch64 stripped 8a293e721fa102cbbc15f27aa8c3c70242b4ec38b4c588aeb00ea7fefda30bb0
pacman-mirrorlist 20251021-1 any stripped 2c0bc24705f4c6f1325291e366eb367853f47763bc37b4ecf00bf6eca3a02e3c
pam 1.7.1-1 aarch64 snapshot 153fe6598398c981aaa0ea22f1fde7b09c7c228a005741c3f286ddbd3d52d2ad
pambase 20250719-1 any snapshot 30c95795caf0c17f98897f96e96a03c6999f2682c160c13a0d6e82d768938c22
pango 1:1.57.0-2 aarch64 snapshot 2c747bc0f8e09206376d2af888e044a036a6370d6f2d06de33066f887da54e99
pciutils 3.14.0-1 aarch64 snapshot 84008b6de6145c5da676e0b05259025c79a6f7deccd1a2b0584ce4c8e6082a8f
pcre 8.45-4 aarch64 snapshot 5fd3b480563bcf9a69e993b6a2cfbeccc42f74fe92f2a806dec029045328b3f4
pcre2 10.47-1 aarch64 snapshot c5584a9df4ed6c5fba7744d479a691b3dcde5b920e50c3ea4e1a4429d4e8413b
pcsclite 2.4.0-3 aarch64 snapshot 1660db51aa01e87ad8a3530c2b4a3483c8d0fc58c7266979adf26efd1fb3f65c
pinentry 1.3.2-2 aarch64 snapshot eda80ca774898a19d28f9bbadc6ec3e8306632e2c10457239530346b83756533
pipewire 1:1.4.9-1 aarch64 snapshot 54f2f8efc7f61a89ec31929dea347a6785b6408ae839d5f35a3af63bc1080209
pipewire-alsa 1:1.4.9-1 aarch64 snapshot ccb237bb51b1bfdd919a252a09322ee1f38b392be0dbf3d9edd750706fba5440
pipewire-audio 1:1.4.9-1 aarch64 snapshot de62ae5c7e1afac1a9c49c5fad03ee57531e9d7d210942471bfa84034fe3e2a2
pipewire-pulse 1:1.4.9-1 aarch64 snapshot f085370f2ebffcb677c7ee3270ad8dff771c0acd38143e7c58bc6f9d8e90ab87
pixman 0.46.4-1 aarch64 snapshot b2133d3630f753b60d09140d5ba500f82e7bbcba7605b90c027a9900d57be6f7
polkit 126-2.2 aarch64 snapshot fb172ac3222cfa49538b1afb0433ff7b50a355af4d82c229a40c9cc5fb62689e
popt 1.19-2 aarch64 snapshot 2c40b09299ff8f955956053a68ea18297e94172413c3c1a5e1411790467fbac1
portaudio 1:19.7.0-3 aarch64 snapshot 069b4dda9a6411f4013ef2f4254e2f931ecc4082bf08f7d5f34693d620eb1269
procps-ng 4.0.5-3 aarch64 snapshot fe4c462788271356ef2401a1e3225a2f95207e479ba0e143595b4f68457540e9
proton-cachyos 11.0-20260703-slr - prebuilt 317f4b8f390fb4dea15ef9ebcf75cb4f350d01b61bff184fe29a1c4e10ce0cc5
proton-ge GE-Proton11-3 - prebuilt 143a5e8593bd07600674da65cfaa0a64a50beeba116c14b2df21585a94877c37
psmisc 23.7-1.2 aarch64 snapshot 92ee5919c0d4b72e600f6751c34ece117b058b463f657787ea2f1efb968c7162
python 3.13.7-1 aarch64 snapshot ac07a5e5e95088b2de7e5eea2e107e9380557ac4ca1887534c58d12fb8bcc2f9
python-gobject 3.54.5-1 aarch64 snapshot a62811b775cd22c5bf28e98dfee1435ac927e96a6029ff6cfd5e9f974d3af25c
qt6-base 6.10.0-3 aarch64 snapshot fd2a8e2e647d98948e484010a03d7c834dd1c841deafe109400b303af51d6dac
qt6-declarative 6.10.0-2 aarch64 snapshot 46a8d239b2a457dce091804e7e575f694b37eb9b7b1a9641cc030f7eb26179f8
qt6-translations 6.10.0-1 any snapshot fa1e9dbefb114a776582fd29ba2aa91ba60a5a550ba25174eb69af2189e944e0
rauc 1.15.2-1.1 aarch64 novadeck 9bbf620c0ade22ac388ab67795fc0e5bc2f59a53bca06d8d8a3805d9fb5a7ed3
rav1e 0.8.1-2 aarch64 snapshot 23c38edb528a8a0622190d7a6c97151bd3cc9bc1fdf1bf80a36b7d42748599f3
readline 8.3.001-1 aarch64 snapshot 634f4060d127f8c32c516adadfa9ce66295b7dc06bba15a32c70fa7e91afd8d5
rsync 3.4.1-2.2 aarch64 snapshot 7d09a5aa7724d493820bd3230276fab35327e4b119715c8728a19c55bd296f62
rubberband 4.0.0-1 aarch64 snapshot 024e25e398b94884d060b85877ba4a7068a40c4b0cfc8d3346c2ca64debb9ed9
sbc 2.1-1 aarch64 snapshot 9a2f544d269085868d9d18c780ec9b0b951ef6a7a2a2c9dfe971a85913b82274
scx-scheds 1.1.2-1.1 aarch64 novadeck 42094937d411d4404cbb10a1e177108aa1b066712804e3fc06f9d34fd5eb3dff
sddm 0.21.0-1.1 aarch64 novadeck 98d63df2524f80c3a88e48a9d1cca04310f55cf832493628f111c0bc25c96893
sdl2-compat 2.32.58-1.2 aarch64 snapshot 8b3d4429706db6bd1a4f6c120a15b8c178e1b25b072aa329ba56f74d73354f4b
sdl3 3.2.26-1 aarch64 snapshot 575ba9be1c53fb7551fe559bd259323d1b3cc27f2ed231114a4fa66e1ed10ad4
seatd 0.9.1-1 aarch64 snapshot b2c1e21f02f72623bb3671c1de5f88510bb7ed915ef3c4c584a5f426e6d0d83f
sed 4.9-3 aarch64 snapshot a26361ef76878c9d599d2d5df8dd25c4cd331a915f2992512e689cde362fe6f9
serd 0.32.6-1 aarch64 snapshot fe0386a7ad732bb04f9cecefac513740df5a965b1a81485c3ad0e194184c90cf
shaderc 2025.4-2 aarch64 snapshot 5b0ff0a05520e6e4a09399987a1c561c9396bf6454092bf3827fb2410e9bf24e
shadow 4.18.0-1 aarch64 snapshot 14d1768924550f181fbd14113cabe19e2395d6eb8db98dbec0f4eaad3ecfe424
shared-mime-info 2.4-2 aarch64 snapshot a182bece2fad7340a3753baa669ecf98a44f4acf02f923a96504b2fec4cd40bd
slang 2.3.3-4 aarch64 snapshot efa9b7759db82e6ece8cccabfbc22cfda4faa5a9e07ae2cbf812ccb8a37db8a9
snappy 1.2.2-2.2 aarch64 snapshot 890811c7044d501ca465f5860416ad71faa64e09881f2ed06759572053268bdb
sord 0.16.20-1 aarch64 snapshot e1bba22c22edbd1f6e24ddfee256a63e0fd3fbe099a8c82e9354208363b16eea
spdlog 1.16.0-1 aarch64 snapshot 728ef695fd7d331abab7ec5652f72b40021fe61863dfad6b9e97aeb06b333408
speex 1.2.1-2 aarch64 snapshot c3fa7725e87b87379b958ef48a236b368ae31a5832f2aca4c7be7c8b81d458a3
speexdsp 1.2.1-2 aarch64 snapshot 8cb5038f7959d43a56ce03db8fee40b25068038633442163acc07a46f811e37e
spirv-tools 1:1.4.328.1-1 aarch64 snapshot a2d7159f13cbef707f036161c5ce1029d51716afed2b3402f72e3fbca1488606
sqlite 3.51.0-1 aarch64 snapshot be1e6227a83113fab6a8260d207122d1b27d207e66bed066bf0f3bea6b11b0e3
squashfuse 0.6.1-1 aarch64 snapshot 922432802f1c5b65fa9a4b539505104f8e5a5c2be852b385fcd1e03e477f4ef2
sratom 0.6.20-1 aarch64 snapshot 583a1bb12aa0bafd0ae21ffe40a3966ecb7fbaa90325716d9966c010eac3f680
srt 1.5.4-1 aarch64 snapshot 397e6fb68cafe0d7d0b53e9fc5f776bac686fb1342d0041dd458e001e057d9dc
svt-av1 3.1.2-1 aarch64 snapshot 24a2530585634d2662d0ecb5c49dc17a1e7f62b002e146480d5b29288ffa3113
systemd 258.2-2 aarch64 snapshot 85bcf1aff530c5f9ef386648a12c7f9111850d5c9ab5935227d99f925f64b491
systemd-libs 258.2-2 aarch64 snapshot 0cce448dd881fc70fcdb827801b07f9ea9e382e2d7cfb1189f8f436271d3e343
systemd-sysvcompat 258.2-2 aarch64 snapshot 9c799a98092af8bc85c4a92804c5850af86c6399ebdfa40db13f8054f7ba85f4
tar 1.35-2 aarch64 snapshot 6df1df2209e1b9830293607fb22b3e1236c74dee0e550677baec0683a87f6f0d
tpm2-tss 4.1.3-1 aarch64 snapshot 851d67bd6cb1a86dd405119872b19c543c4d8a982932c3df2c24ad3325899fdb
tslib 1.24-1 aarch64 snapshot 37328751a16d9f6dabdca03a67f5b647d9fd45b8c2329eb379543ac068cff976
tzdata 2025b-1 aarch64 snapshot ce1dd30520445189a7f67f138c8845d3aa2fff6690bd4d41db5c81850851b786
unzip 6.0-23 aarch64 snapshot 2450330a7d4ee57186b98f542e99c29c78bf018f02903bb05d4fb0572a801ec6
util-linux 2.41.2-1 aarch64 snapshot 6584cee319e900f12a4deea3a46c7a90f4a403eec460fbe181c47f5325a2245a
util-linux-libs 2.41.2-1 aarch64 snapshot a4eac719491fdcf326590f586072086ced03a14922e77f51d57e775f3e51553b
v4l-utils 1.32.0-1 aarch64 snapshot d24e5276f991e88ea07937635b85c38269a4a5824422b05daf2e72a96b30285d
vapoursynth 72-1 aarch64 snapshot 4b3ae4c33c8078bbd40550d863d55ddae6ab048e2124593d353730863ad9f5e2
vid.stab 1.1.1-2 aarch64 snapshot 076251c66dc2a7fd8d6be73b9727f083ff6c222f6858e6e824c721915b563182
vmaf 3.0.0-1 aarch64 snapshot 1dc3d936976186de63297344c6a827d4d33c0aa17b6c0c40d63fc095fe83b53f
vulkan-freedreno 1:26.2.0-1.1 aarch64 novadeck 23b5efbb3a3a784a0de2491e0bfc86680f2a6a4f7c0e5c69b82d30e6ca036394
vulkan-icd-loader 1.4.328.1-1 aarch64 snapshot 87e4d267ebaa60d73ad2dc03f22b5d2bde21efaeee1265c72e16a72b6e9019ce
vulkan-mesa-device-select 1:26.2.0-1.1 aarch64 novadeck 23b5efbb3a3a784a0de2491e0bfc86680f2a6a4f7c0e5c69b82d30e6ca036394
vulkan-tools 1.4.328.1-1 aarch64 snapshot 27811f5af0f0ac484ba243a037f53ce54e7a288a4aba4ceed88274b7c9e9d3e8
wayland 1.24.0-1 aarch64 snapshot a7869a1679eeb0d8a02e690bf13939a5f103cb354e7f46dca3f5395b14c8f940
webrtc-audio-processing-1 1.3-5 aarch64 snapshot 22350ba4701c4fb56f354408d24048cd9667aa04cebfc9f883c33a12f8e3f3c5
wireless-regdb 2025.10.07-1 any snapshot fa4c7899f90bae3d39a90f8f12b9949b54eb8da60d29d4b8028998d64c4a87ee
wireplumber 0.5.12-1 aarch64 snapshot 06d038745172e4893a2b716c3485ebb0b6872a4ddacc43c6e1a99cdc78c95c99
wpa_supplicant 2:2.11-3 aarch64 snapshot 3201a7af3766be5f15e8899d31a61d4fe30b4133e46b22312e12c8c9d79a213b
x264 3:0.165.r3222.b35605a-2 aarch64 snapshot ba86bd8910bb3703d9138fd3e60f2b083484283b0a49ba45ac815743088b679a
x265 4.1-1 aarch64 snapshot d4d3d1c133af9680bd19b1ad6d2b0d5138e5b494998faa7df94b4c9fb61bdf3a
xcb-proto 1.17.0-3 any snapshot ebc4faca3df7cba10217f5f3f9ba6b4415c159d0a40caf632f3e38b0d9d68ce5
xcb-util 0.4.1-2 aarch64 snapshot fcad20baa1a812bc851d3f44a0a1a53ba3add437091e49056430ce298c9bf80b
xcb-util-cursor 0.1.6-1 aarch64 snapshot c03222145d8fb2fdd28a7304259165a7eba7ca0630ab603a478da23245e21763
xcb-util-errors 1.0.1-2 aarch64 snapshot 4fdfcca00f5d18d2296d36f2e8e283fd4fb0f471cc6b63f6276e10b7d9350374
xcb-util-image 0.4.1-3 aarch64 snapshot 3bb661f031197820df513b546afe4500d968dd4b4cb968ff974db3472ca426e9
xcb-util-keysyms 0.4.1-5 aarch64 snapshot acb7990422b639254cef13828d6ccd7b7e524c6a3caac2cbace9e0937ac206ca
xcb-util-renderutil 0.3.10-2 aarch64 snapshot e6601ae6c355570d1f4decaaf1386139da812c2eaa37edf40090f4a06f7af403
xcb-util-wm 0.4.2-2 aarch64 snapshot a8d3059b374c8994eeaceb9c2ef42e9a9156653f974b018da359e3b5c91fe47a
xdg-utils 1.2.1-1 any snapshot 5d03308a9b9dd8cc8375c087c4b91156de0059a7cb9675f69b55e895b8ecb79f
xkeyboard-config 2.46-1 any snapshot bb05062525f80ac6975f403470644af840ff294e0ddc526d645afa6caa44e18d
xorg-fonts-encodings 1.1.0-1 any snapshot 2999e3fe140bc7b0d3b31b48f0ebcabfe6371087024eaf1c8f591785846318b3
xorg-server-common 21.1.20-1 aarch64 snapshot 760de247b3a768d1a4b5c865d6061b6e0f38b6cf739aebd6d98fc7ec8dee032b
xorg-setxkbmap 1.3.4-2 aarch64 snapshot fb60ee97e6b9c5668efad62f8e3acb58a09592b7332e8b0d70a928483bc418e7
xorg-xkbcomp 1.4.7-1 aarch64 snapshot feed56f8f498415347eaed46a737b9672fba514f5860e22bcd599e974c99aaa6
xorg-xprop 1.2.8-1 aarch64 snapshot bdf2eb4cc1bf9650bd4404557e66562e9dfa644d612a12470c46c9b595efdc8a
xorg-xset 1.2.5-2 aarch64 snapshot 16a262387aa4f8dd1d6eb0e6d49bb0c562caf0a14a581955d6010fa84c2c04ae
xorg-xwayland 24.1.9-1 aarch64 snapshot bfb9cfd9681bb23f4fcc615636b3e19b4c3850978cd7068d7cc81cdbbf851e33
xorgproto 2024.1-2 any snapshot 4892d1eecc171a523741f6bbd052feec908b1161640155878a7815a073b1f583
xvidcore 1.3.7-3 aarch64 snapshot dcbb8e038b145458f5eacfbf97018ec89681c4525379ade15c5e7e0e933649e9
xxhash 0.8.3-1 aarch64 snapshot fae23d561dce242dd191c2eba70306ff1d1946c13fc5482f5373357c152c602c
xz 5.8.1-1.2 aarch64 snapshot acecfa94b93ebe2b7bedd8c3dae4f3171e0159a6a2e8a2f5107e0892f2970409
zeromq 4.3.5-2 aarch64 snapshot f4ff054de28f131f48c9440316da94359ecf9616e7f0dce01ca0bfbd1084464a
zimg 3.0.5-1 aarch64 snapshot 4912d142c143606d8767f047d2b87c1afca2cadbb026632423274a97c883b3d1
zix 0.6.2-1 aarch64 snapshot e77e07205a9866a7ea8c49a0ac7e2653e538e5242055bf42683f492417521fc6
zlib 1:1.3.1-2 aarch64 snapshot 62ef7145334847a0da382eef9dfb0b8feed80cf6f46fc595087ae137512d4533
zram-generator 1.2.1-1.1 aarch64 snapshot 5e96a117d1855c425da9ebd1cd7037de660ad337a8c054d8cae7aab53bec7ba2
zstd 1.5.7-2 aarch64 snapshot bda10cc210f7a9b0278642027f25dbbbb9f04b7e0ba2621573f93a2cb7915118
