# novadeck package manifest — GENERATED by rootfs/genmanifest.sh, do not hand-edit.
# Regenerate with `make relock` after any deliberate package change; review the diff.
#
# repo snapshot: https://holo-packages.steamos.cloud/archlinux-deckard/archlinux/mash-20260305
# built in:      https://holo-packages.steamos.cloud/archlinux-deckard/archlinux/mash-20260305/system.rootfs.zst sha256:e9a0d9358c4da1a5beddb9f05d8793340a24d71c2ccf2bc5e813f5bd7da42a39   (execution environment only — contributes no files)
#
# name version arch source sha256   (source: snapshot|novadeck|prebuilt|stripped)
# Every row carries a real hash: the root is bootstrapped from packages (Phase 4c), so
# there is no content on the image that no package file put there.
# The hash column pins two different things, because these classes are pinned by
# genuinely different mechanisms:
#   snapshot/stripped/prebuilt  the FILE — the exact bytes fetched and installed.
#   novadeck                    the SOURCES — packages/inputhash.sh over that package's
#     source.pin + patches + local PKGBUILD + build/builder.pin. These are built here and are not
#     bit-reproducible, so an artifact hash would move on every rebuild from unchanged
#     inputs. Rows sharing a hash come from one split PKGBUILD (mesa emits three).
# 'stripped' rows are installed like 'snapshot' ones and then deleted from the release
# image: rootfs/conf/seal.list declares them, rootfs/seal-rootfs.sh removes them.
abseil-cpp 20250814.1-1 aarch64 snapshot 95d5afae5b292eb93de1128fc0a5c250fdc5ed71758ce48e294dd6c868138eb1
acl 2.3.2-1.2 aarch64 snapshot 57dd0cf474187d1584f2894b1da10449c42cbf24228aceae8eefc253c70029a0
adwaita-fonts 50.0-1 any snapshot af34f61cdd9f87d608cc00552d8ddc3f5986fc054e76b09e2fad9aabc7592221
alsa-card-profiles 1:1.6.0-1 aarch64 snapshot b2985e3a68f8a9c34b3040d6d468e03bc129749a62a94d81f4de648d9f28b10a
alsa-lib 1.2.15.3-2 aarch64 snapshot f48baeec41f769dc6d6eeaebfbc0c7e9921bc285138131badd62a3be9295eeb8
alsa-topology-conf 1.2.5.1-4 any snapshot a76b237e24973099b3cee9d3c89f4f8b46d9133411f0992bd46a5131e4427a0c
alsa-ucm-conf 1.2.15.3-1 any snapshot 85d06ec267eeb68c82afe811b812127eef90aace15f0dae3876d76e36099bb5d
aom 3.13.1-2 aarch64 snapshot 13d50fb3e29bad6fc74cd63153c9701678535d72eaeddbd4bd69310b3526ba53
archlinux-keyring 20260301-1 any stripped c1ca93d60de34f5a0882d940a6daf606127949061c2562407abdfeae09eaf868
at-spi2-core 2.58.3-1 aarch64 snapshot eba006980b138cc2d1f8a2ffc374fb8d2fed9a650876414b92fe9b5eeb1cbbe0
attr 2.5.2-1.2 aarch64 snapshot 128ba6da6d6d17392c9c7894f3fe8af994d64e70235714b1a96d55f4d9f0d932
audit 4.1.3-1 aarch64 snapshot edcec40e77f15375650cde4caf1e6e0579bc86075d8619b2288d7fa2c8e66199
avahi 1:0.9rc3-1 aarch64 snapshot 599cbe0eb72ba984f842ec7fce6d998cd96020632c052bec6638e96e301ee068
base 3-3 any snapshot 0cb90ddbf3de917419ea77978576965812f5496588cefc2d9592204d15552156
bash 5.3.9-1 aarch64 snapshot 5b0947500df2459dd535b3035f84f2ed57b7123191f840636cc4ff544c24e862
binutils 2.46-1 aarch64 stripped 8e2a9ec36b5c4b83625992677de0dd9d26941ebbf0ef0a58a1b1a2eb6f7d5460
bluez 5.86-4 aarch64 snapshot d0755307801cdd80d53c2aecce8d752526062aa5af71674cfb5000c5570c7091
bluez-libs 5.86-4 aarch64 snapshot 1fb047d23fcfd12f2c19174eeb153a4be13dd963f49e5565145affbf4f88fe97
bluez-utils 5.86-4 aarch64 snapshot 9e4763b2985029f68a4a028db6f53249a27a57701cb42293afd7133adb470a30
brotli 1.2.0-1 aarch64 snapshot f97a489112a09abd9d0fdacbf47a3b26dc50e683a4f7dd97f3cf121d64edee9d
btrfs-progs 6.19-1 aarch64 snapshot e22a096a6bed59ebe78e3781bae45d7d127ce9cbf48364f7446d47b1500cec86
bubblewrap 0.11.0-2 aarch64 snapshot 903ad62be66f01a700d79ab684fdc992de1e4786a31ce155388200d61be0c8c8
bzip2 1.0.8-6 aarch64 snapshot d3811e3340bc406f40f4c59d9ea815e46091ba362226f8aa6ce0ee3eaa63ea6c
ca-certificates 20240618-1 any snapshot 982005bd5ecc998c05f561b57bb58b4457407779727e3c3d59e926d34a8b0712
ca-certificates-mozilla 3.121-1 aarch64 snapshot da50977801821533eca5e80101b4222a823b2d50753c09ce6b3313a689619a94
ca-certificates-utils 20240618-1 any snapshot aabd5b2b7030716ccdd465d607e734e851fe4a01adf8293a3968fe22eb89ce9b
cairo 1.18.4-1 aarch64 snapshot d3d64a92e050a35877154ae55391221b999f300fc8fecda5ff012c4bc8ab5a7e
coreutils 9.10-1 aarch64 snapshot f4f625e286ca7643f6939c75b53fce72a65dc66cc403b6a4ab9da4007a97a23f
cryptsetup 2.8.4-1 aarch64 snapshot a1bdde68340129f09d503f8095b6e7b286ccaa7c79cf43ffe997b6ad8c1bd6ad
curl 8.18.0-3 aarch64 snapshot 15d24226fc26da81cc201a5b47434f2f0a3168a45a52dbf9c1927efa363e9c4f
dav1d 1.5.3-1 aarch64 snapshot 9fe86441acda03fc1c1b454354c23029c4d24cf5c45281e0d065e0d62eafcf62
db5.3 5.3.28-7 aarch64 snapshot 9c86a1b025d6260bd0e7958f3951f01d0378a7517c7a7e5f1bc1aca3186808f4
dbus 1.16.2-1 aarch64 snapshot 99a094819e93c6f22e10ea8eed4daf2fcfefcf7d1535859ad923cf2d3d1b4ef1
dbus-broker 37-3 aarch64 snapshot b11e71e7ee72717336b415d5affaf91cd3accd95845ab941b8840fd02dfa9ea0
dbus-broker-units 37-3 aarch64 snapshot 7e432ffde73ef74ce86e7eb1fe5d97e0cda93b3d9f8d4e02c322bc79cf62129b
dbus-units 37-3 aarch64 snapshot 4d9a5f303a739d6d7a2239108de588083bf1a7d0746e0acf561f5f0e6d7fbf83
dconf 0.49.0-1 aarch64 snapshot 2a1ab3161420deb4abd5dcfbd4ebba62211fd4923ed407359535b4a750868d3a
decky-loader v3.2.9 - prebuilt 0a5246db98f2df93a6685ac8230e0acfbfa6e91d99b41b8dbbf1f94c308dedce
default-cursors 3-1 any snapshot ae52028372c3b2f66547baab41f1614b25472489d927b1a50b596bb8df7c056e
desktop-file-utils 0.28-1 aarch64 snapshot ba2a87da6581763019780c9bdaa47ba0b7e24dee3e186f973e76d2041fb5a237
device-mapper 2.03.38-1 aarch64 snapshot 99add5d135e98f0f9ecb36202f8fdb0827dbf480510a7dccab078e84c2bc2750
double-conversion 3.4.0-1 aarch64 snapshot ceaaeda17b051e7d4f9df2900ff6fd390398a3c1ae3ab29289a380b0a9726812
duktape 2.7.0-7 aarch64 snapshot 24807fc3fa8d08db6ae5b8fd262ffcbb957a2380ed6113e5f30dccd5e1ff1935
e2fsprogs 1.47.3-2 aarch64 snapshot 1a40a434f4009190552620e4e8f410b158d195107e4bc103fde9ae0c4cb07bf3
earlyoom 1.9.0-1 aarch64 snapshot 165191291c9da18a4b08b51c07f5c22f81fbcaf220348a22ab5c336c1a687f3d
elfutils 0.194-2 aarch64 snapshot 5352f2dc1b742fbefe7a5d82770963c9b4bd54bfea81a43aec313eccde2f8703
erofsfuse 1.8.10-1 aarch64 snapshot 438e80a29a7a752cf4eadb2f16ff7e3d93c1ad058b2c4a45f12aa0dcc8ce198a
expat 2.7.4-1 aarch64 snapshot 7fefcfdd609ca51e8e9b7c408304d43ecba929dd047559f51114fba08ba53b4d
f3 10.0-1.1 aarch64 novadeck 92351c88977fea45a0134678ecab4e5e271124bb23dbb1abe00f1b9e6374caca
fex-emu 2609-1.1 aarch64 novadeck e4a57a24b21859b025ec2f9baebd93f1cb404fb6c1233032857fcc915997931c
fex-rootfs 2026-08-11 - prebuilt b035dcfe31a3d8e7ee497f2809caa11bf3a85bc68d707c7621d7433839d19ff2
ffmpeg 2:8.0.1-7 aarch64 snapshot 1b45670b5a8526ffa15605adc0f9ca3b80c6c78ed463929992132638c102d1d2
fftw 3.3.10-8 aarch64 snapshot bcbee2ae79adb36a2e04c748513e85108abf1c4dd3b118d679f703a80c2adc58
file 5.47-1 aarch64 snapshot 00c0df1ddd357825216e1d13a91f274ed483f1505f74fecc8af624ad4e839e2f
filesystem 2025.10.12-1 any snapshot 6b6c3fee7432204840d3b6afc9bc1a68c28f591a47fb220071715c40cca956df
findutils 4.10.0-3 aarch64 snapshot 3e131af3daed6a31324c31861686c7bb2ebc29bc39e3d3f7dc35e80c64fc8109
flac 1.5.0-1 aarch64 snapshot 8864a9348dd3c079e89b62f9c578be900ff63579605ba83de6e6dd0dc78706f2
fmt 12.1.0-2 aarch64 snapshot ff3bf7662bb1b6613f3b0f276553aaef8a74e31078128bc50150eb2bd2b0ad64
fontconfig 2:2.17.1-1 aarch64 snapshot 10c55d9d0abca7ea40d778b34cb2fce5f39974042f4f6681c4c541fa24dc771f
freetype2 2.14.2-1 aarch64 snapshot 436dbf39d0839c9ccd637822bdb3c54667f2bacf1a79bae0e9a8401603ffcdaa
fribidi 1.0.16-2 aarch64 snapshot 111a98b837dc6b5d9008b4c3a19bc5baffbcb1096625d758aeb1d51a6e507e3d
fuse-common 3.18.1-1 aarch64 snapshot 30ca986df6aa9f9ae9e16e50897c59caa4c3d8928da0acec545f8f423f033541
fuse2 2.9.9-5 aarch64 snapshot 381287b1fef7b96bc9c90064419f0edd32138c7cc8c3a977008ebc596ced46e5
fuse3 3.18.1-1 aarch64 snapshot c1a1f47f8905f160927909a398d4a80d34a56ffd75b2735cc06bb8e3e78b3414
gamescope 3.16.29-1.1 aarch64 novadeck 625b8876f65f9cb2d6d4c6a82987c50a8230bb52b093c81334a4ea704756beba
gawk 5.4.0-1 aarch64 snapshot 379dcf5aeb42ea4b59e457692c6c91a2d974484539f122467e75a683f98b6821
gcc-libs 15.2.1+r604+g0b99615a8aef-1 aarch64 snapshot 5d388c5810ed8e58197352a2141f17e79f81d0073ebfaa0ce3de0e72bb006db6
gdbm 1.26-2 aarch64 snapshot 942d709434f29db679927ac2dcddc3f3ebb9009764bdd4fc307b2b1ac1131d81
gdk-pixbuf2 2.44.4-1 aarch64 snapshot b02cb85da7c997dc976d0e58b97d878cdf85b7e246c940e09749f5fa1a5cb164
gettext 1.0-2 aarch64 snapshot ad32d69989678e8eb5a3def2ecd02a7daec27372bad866afe19a5a168a8a240e
giflib 5.2.2-2 aarch64 snapshot d097293bb54b251d309f4061164b7fe698bd5e8549ac34bec538ad2fa2cd3fa8
glfw 1:3.4-1 aarch64 snapshot cdda900f31382c418ae620910e625090e3cbc82d21fe55d39887f22c572d7355
glib2 2.86.4-1 aarch64 snapshot eae151d685b8145a8ba33d09915363252031be62a720ecd7dd18f52f4d68de20
glibc 2.43+r5+g856c426a7534-1 aarch64 snapshot 01161ead0058cac0a99b86b70a92f86652ab2434f3cf6e52b3c3fd2538f67e74
glslang 1:1.4.341.0-2 aarch64 snapshot cc4878282152de3eac1d21aea2f162f038b5c8c88d2fcb7d2cafecb3ebd35d97
glycin 2.0.8-1 aarch64 snapshot 4bb79cadbef9f51ed1dd08d5645d1df206efa0c6ed36ec4256a87450742cb0ee
gmp 6.3.0-3 aarch64 snapshot ce2594803e2f7176ad1ffe8f17f322be47bb7a41d40d8de31e1827a65df2d820
gnulib-l10n 20241231-1 any snapshot 86e6ea818cb331171018bef6e4486c1176064655e0d459bcecc9cc9c2bb74a2c
gnupg 2.4.9-1 aarch64 stripped b29edda628e9106b6cc1affd85a53e96694319173cd6f99e044c3420c1ad977b
gnutls 3.8.12-2 aarch64 snapshot ba6541c3ad89851a6ad8c66447541efc7a831e9c67581706645b18174f2d1da5
gobject-introspection-runtime 1.86.0-2 aarch64 snapshot 542320c218e9645ae5b00b4ec97a3357c348da04866b0afd70260527a0aaa242
gperftools 2.17.2-1 aarch64 snapshot 56257180c947aafe4599da2c8ff97fc02e32057a11e0b9a03f5c50d85f92f6e3
gpgme 2.0.1-3 aarch64 snapshot 2c0eeb3015b498dfa93f690105efef34ba45d233a45cfebb58e8f5d21fdb371f
gpm 1.20.7.r38.ge82d1a6-6 aarch64 snapshot 3e6233c680baab5204a11099256715c897178dfc123031dd3a462e99daee5701
graphite 1:1.3.14-6 aarch64 snapshot c4aa3d60382bc73b3b345386b8c0a6619bd4f25c10ea61a673cf0c616133f585
grep 3.12-2.2 aarch64 snapshot 0915f2004376a6600d9d07ca1cdb7982fa012636b813eaa79f3d40e74ab6b448
gsettings-desktop-schemas 49.1-1 any snapshot d8c9f6ee16566bbb178eadea307e337a62e19fc6c1c0fed75a355f9d257a8ac0
gsettings-system-schemas 49.1-1 any snapshot 46c1684fb36b7601f60d5aca1ac3552b0d9a042278b30fdc393c1dae40303c5d
gsm 1.0.23-1 aarch64 snapshot 262536b87da88245dea0bbdd0483724228abbf1ef3e8297dea94d9d99d0c96d7
gtest 1.17.0-2 aarch64 snapshot 0adf06d5520c0d388cdab238764eba91d31fd2ea639a1b423c4f0bdddb7e5a0b
gtk-update-icon-cache 1:4.20.3-1 aarch64 snapshot 82bfeaea9fadbb97279e053fe65529bde2eb48ccf4f8f29f9457c0cd22f962dc
gtk2 2.24.33-5.1 aarch64 novadeck 4a5b88f04a9b8a55b0fbfdf8003bc05b3b36660d1bff6fc16aadccbe459e4af6
gzip 1.14-2.2 aarch64 snapshot e3d1fccd7eab31ab853ebf90d6ae467cfc05f4d6e5c15bc985ed8dfc2c1d2994
harfbuzz 12.3.2-1 aarch64 snapshot b19721bd86f3bc98fd39a0bba58819362c57b4a316a9e56283ede0ea6ad6708c
hicolor-icon-theme 0.18-1 any snapshot 22ec69012b9a55e276b5891f916366f692541dce3793bff3e85a28a10b91990a
hidapi 0.15.0-1 aarch64 snapshot 39a25ef6e2602c6835ae971dbaec5e16340ebc61bac419f3badebac6f232f479
highway 1.3.0-2 aarch64 snapshot e951e17c391eaf0606e4ad6cbafee929a1d37e6ad3e271abbc57acd16401eea9
hwdata 0.404-1 any snapshot 2126bf1c7844aa5c0ba8b63b03a0941cccc96589c34a0aad7b3a557c54d8f853
iana-etc 20260225-2 any snapshot 648ea40853136b321fa11611e4a82a6f25ee4b9c6fe9c32658ad2d89add8a420
icu 78.2-2 aarch64 snapshot e792b99a520c5bda8db5bb21ed3381caf1dc5b4d35fec48356a016db8725767c
inputplumber 0.81.0 - prebuilt 5509a6f79bec95c240de34833639e3ba8a144752e3745e6eb978b38b8aa05a10
iproute2 6.19.0-2 aarch64 snapshot 46eab4b6e21632051385a231cd117ce696af014c3b99a3a1967dd397a663523e
iptables 1:1.8.11-2 aarch64 snapshot 35171376ec63b9f78427d7465da4f7f7d7adc51970233580161a57d97962c476
iputils 20250605-1 aarch64 snapshot 7243effda28732780bfb297fdd9c89826ef1754b866f9857b6c2b43df5699b05
iw 6.17-1 aarch64 snapshot f586ce187e398fff8cb8994c0709d2566e65de53e71f0040cb6c29a23958f0a7
jack2 1.9.22-2 aarch64 snapshot edb74740685f53cd92f96649e94714a3b7e3777984755c4e869ea78b39fefacd
jansson 2.15.0-1 aarch64 snapshot 5dfc0713191071b80c0dd3836a3419a61b84610f4aa56146fad97d3ab9df7efb
jbigkit 2.1-8.2 aarch64 snapshot 7ab8636db9aead92eee46123469adbd2c72775a45af6aa7a6fc766b36b83e319
json-c 0.18-2 aarch64 snapshot f837b42c4aa892b8e1fe8e4b504566dc6fe4a38d0bc1c524d4ce2c7322d8b2ee
json-glib 1.10.8-1 aarch64 snapshot 2d54c0fb011c320d8e45212ff49aebb3d48d763edcda3724d5550b562d3f3ccd
kbd 2.9.0-1 aarch64 snapshot 2baf951c4d5c8e8e17ea66ef11684dd5cdfb1db4167e40fa7468cea798ac7fd5
keyutils 1.6.3-3 aarch64 snapshot b1e24c67ed87819860a9eafe9d4c5b2169eb815f0a9497feed065f80513746f1
kmod 34.2-1 aarch64 snapshot f06940f11879f78162ab85023871c1989facb55eb5d5c6bebde83519c8c672e8
krb5 1.21.3-2 aarch64 snapshot 6544ef73ff4c5b4ff6e2ffb954229d42738adba2daa8edded23f484320572ba4
l-smash 2.14.5-4 aarch64 snapshot fda53ac5847da984337fbf0fda25e9e0487bbf66573a48a870355166905e8f8a
lame 3.101.r6531-1 aarch64 snapshot 8ae22472158ebbd9017f7e4875d891a4e947dd282c2bcf2b7b5d0d1d296fa6aa
lcms2 2.18-1 aarch64 snapshot 5864dffd931de57e0a0675628a549d5e4c705abb5ab9742304ba0b612f0b2e66
leancrypto 1.6.0-1 aarch64 snapshot 7e0ec447b60b8f533837906eff92c245afff807179d80ecc464906db995afa2d
libaio 0.3.113-3 aarch64 snapshot 6426df849e5f47205a876984e60f2edb8ad5f9630489bdd4fc317536c3ecff1f
libarchive 3.8.5-1 aarch64 snapshot 91f347e2932c488113e1c639401052778c62454a5802000e393b510eede29ed1
libasan 15.2.1+r604+g0b99615a8aef-1 aarch64 snapshot 38d05e5559c8f6af4087c84be99817e5553ff9149c8cc3da30d2ec236e1ec4ce
libass 0.17.4-1 aarch64 snapshot 71ba7f50bdc4fc7573144bd40b2eab7c75f94c9724dcb0893548c33aada66b8c
libassuan 3.0.0-1 aarch64 snapshot bd2345c492a80c4e1b84998c3911da454a177cfd7bbb5a352ebcb27f5ea83528
libasyncns 1:0.8+r3+g68cd5af-3 aarch64 snapshot 74d751c640903200413a6f04c633ddcb3195b8024efd40d9927d486e61f64419
libatasmart 0.19-7 aarch64 snapshot 983a667838251d3e8a7392d7aa19b64f20fdbd08ad90e26ebe6a67a9b8fde64d
libatomic 15.2.1+r604+g0b99615a8aef-1 aarch64 snapshot 0defca98519e83061ac4077499e39cbd61c1b03a6aa32e18d3a4370b3ad9be58
libavc1394 0.5.4-7 aarch64 snapshot 7ef4d28428d403c9d6691b6c843357e76d60a99b1b5e0f5d2777bc2db5d31d08
libavif 1.3.0-5 aarch64 snapshot b5588c3fce954ff416888a197a5a6ebacd04e5cf3ab57a96d8cdaa977558570b
libb2 0.98.1-3 aarch64 snapshot 4899fec2cf40f5c08bc838941e633e4946e17eb9d8ca5bd65344ca36b1665d4d
libblockdev 3.4.0-2 aarch64 snapshot 90f7566535e3ee120daa60f0944f3f830ab7a569ea634ed9519d202738163a7a
libblockdev-crypto 3.4.0-2 aarch64 snapshot d6a7c7d53857948789a1e6df01ae0ad2b3cbb83ef14a3a6a7c8323580ebcca29
libblockdev-fs 3.4.0-2 aarch64 snapshot 385a726d978d8d13f8cc361b85402fcda729ecef836a26bfa34a9c2559785545
libblockdev-loop 3.4.0-2 aarch64 snapshot 4bfabf28d99d1a741701cd3ade003c226dfd603f861b5a8ce4a1d0371ee52656
libblockdev-mdraid 3.4.0-2 aarch64 snapshot 839f909b668a8a461af2142504965f0a9542c56c0b87cb418ad99f220c76104f
libblockdev-nvme 3.4.0-2 aarch64 snapshot 23ee61583b4ce3cb6934a3df1a6654a625a5f3a7439d74da852005915f2340b1
libblockdev-part 3.4.0-2 aarch64 snapshot 826a9962ca89d3278f4e82bf2e80067ed010098aa3796d7debc3b115ddc66095
libblockdev-smart 3.4.0-2 aarch64 snapshot 4c6a2f639ffd37fb884b91b909a1362325163779bb4b0e1c476cccacbba036d2
libblockdev-swap 3.4.0-2 aarch64 snapshot f5fd2ec9824570bb51b65b9a681deb15d38bbc6f2b185b526b2c04816d4f41be
libbluray 1.4.0-2 aarch64 snapshot f9b917ebd4a4295afec0e187c983f268ba91188eb7b7663df54241321829a66a
libbpf 1.6.2-1 aarch64 snapshot f13ecaa0892c6477aef2be27ddc564cd50430e59f0221e4e8d4720e54be27445
libbs2b 3.1.0-10 aarch64 snapshot 0140a284577b1f5e22f629f712fa19f1b6d164b1f0d2852e9230e2819201c270
libbsd 0.12.2-2 aarch64 snapshot cdb1d18e09c91d55edc6d452e746f1edf32924aef055fc215cdeaf09c9bf7d0d
libbytesize 2.12-3 aarch64 snapshot bb43d47d9e52e9c6e0dff8d50df4a7fb32430b62bb48718d2e8949e954048863
libcap 2.77-1 aarch64 snapshot 18ff910f9c42ec0a2f5b6212b7858355d187990540996a943fd472804d12fc4f
libcap-ng 0.9-1 aarch64 snapshot ff02d695e6aa4d96c96da6ada156ff3e4ed259abfce3b81978a29a216f8b7454
libcups 2:2.4.16-2 aarch64 snapshot b4ec11d7d0529d0528cb47b74bf55cbb6b233e961b10845e17ff36c80e6fe455
libdaemon 0.14-6 aarch64 snapshot 2b87acae2cfa1ee3bc1f54304ff88bbbf860dc3c0a5a17d7a6cb721593187fc7
libdatrie 0.2.14-1 aarch64 snapshot 9fd43f430c658410e7936360e54fc2d4ea7091d98e41066c22dc1bfe1de750eb
libdecor 0.2.5-1 aarch64 snapshot 4c8ec0a49902346de675387f0d06d909813b0a95bcb3f2d4f2216993624ae5a4
libdeflate 1.25-1 aarch64 snapshot feba44451c736f1af93b7132df659a129ce03774c13370bdb16ce29b441474f7
libdisplay-info 0.3.0-1 aarch64 snapshot 621bd400597419fe2ff764ec4b223d8ae3b9fc9b69461efb5ecbf43795213c91
libdovi 3.3.2-1 aarch64 snapshot a19cec2ef84ae87701537b62cf08bd39bec26d46b6866fa8f406fe464e18d5d4
libdrm 2.4.131-1 aarch64 snapshot e5bf0c470a0479a8788a3b67a778f46f3f606f813afca7788949b1de57fc1d54
libdvdnav 7.0.0-1 aarch64 snapshot 0a4631272fa3118dc8dd6e708e0afcf1bdec1ddab2b6092fa0a02d105fcf7f06
libdvdread 7.0.1-1 aarch64 snapshot 1e69e1cb1fd6e441106dd3276b89f757054738415dd90d7ba61fbab1e45a8323
libebur128 1.2.6-2 aarch64 snapshot c85db4d39ced2fdef2a502eed7d00622363aaa109829cf86292f23b8d835a867
libedit 20250104_3.1-1 aarch64 snapshot 5570f44f0ab7649f78d59bfbb41a13e3796e85cfe351597d1ec042cbf168742b
libei 1.5.0-1 aarch64 snapshot e327b252ec7f484dadc6cc98500d429283e21bf8ad537053e2f75ca5fd81fc34
libelf 0.194-2 aarch64 snapshot d983084b558f82e7a5125cc0c07c5bde9fad177f32f84ffaa7350b11663571aa
libepoxy 1.5.10-3 aarch64 snapshot e31b35835f495a2cfbc3ffeb001793a56e2cca3b8e2051d00654fb0376916461
libevdev 1.13.6-1 aarch64 snapshot 692678460ce2cec1f7f5ce340365ec1e9c525543322398258549e4cee2c0061c
libevent 2.1.12-5 aarch64 snapshot 2552522f67f98541d0bc56313aa08a31ca2d829225d38a67a67b265b2e2dd178
libfdk-aac 2.0.3-1 aarch64 snapshot ce9aece05d7b5a0cca4321bfee9d0ed42f8172abb0e1115e3ec9f3992bcdc9bb
libffi 3.5.2-1 aarch64 snapshot 539e42f19a7ce53bfa5ab63c6e2112eba0650cf9d8ed03dfb020570aa9e8553d
libfontenc 1.1.9-1 aarch64 snapshot df79743f676415bc219a55b1d10e780938695115b8137af9222407a66de7e84f
libfreeaptx 0.2.2-1 aarch64 snapshot 0256ed9f8c1c599108b784dd51bd54da256c282a963641c4a56030900c4b654d
libgcc 15.2.1+r604+g0b99615a8aef-1 aarch64 snapshot 03d80a98d771a1981ec0ead21a4229dcc317970632d54764678463b079cb705e
libgcrypt 1.12.1-1 aarch64 snapshot 273cb2aac1d354b31c5cceffd5a66290d7294e46b7beb6a1e6dcb843db93fd97
libgfortran 15.2.1+r604+g0b99615a8aef-1 aarch64 snapshot 70990cdbe497082bd9421974a4a19a2dd3f2175223ab9079bacdcdf7b52a390f
libgirepository 1.86.0-2 aarch64 snapshot ee04e788a86f40d98f4c0b8323a5061212124cb65ed5d39befc53afd427e64b8
libglvnd 1.7.0-3 aarch64 snapshot 071bbab48c59c4a546be845ad7ea29d4bd51624b961a7e877fc154a465d868f8
libgomp 15.2.1+r604+g0b99615a8aef-1 aarch64 snapshot 3d36f210f22b065e93d1213a82995e711cc7c4b652e974a0a4a68f42636a78a5
libgpg-error 1.59-1 aarch64 snapshot 3be40a07777e548875abc614ea408cbfa6ac1bdc442b7f4e47e14e33dc4a2542
libgudev 238-3 aarch64 snapshot 97bb9ff56b0f600c7083a57ea6579491c1a9d612a48ffb92e68e7420524c5d58
libice 1.1.2-1 aarch64 snapshot 022758604c9357e31116fe22841cf05b1984d1b3e1baaa57b0a56fc1ce46568c
libidn2 2.3.8-1 aarch64 snapshot 4da80bd4dfafff46d8716be4e0e13c70cfc42bd06bb30753e091b044e34c3013
libiec61883 1.2.0-9 aarch64 snapshot 4e932d117e897d40cda965b30692773c6fe96bb0f050eb2cadb384e63c69b3a7
libiio 0.26-5 aarch64 snapshot 0ec3a5a139bf525be5d617b5ce7e99dfe4f5edad9c4c2649c6608766d266b36c
libimobiledevice 1.4.0-2 aarch64 snapshot 3faa17bd18581d90c6f31d7b74c9b8c8334216a9f0337d946e8851b1c179450b
libimobiledevice-glue 1.3.2-1 aarch64 snapshot e2610b399d1350e59eb9b837472df2f30975d539e48372babff2976c2216be0c
libinput 1.30.1-1 aarch64 snapshot 6d456f6196828f451b957ccd89736533ca5e5d5d9eca1f50a5dd8ed2c1a12b82
libinput-tools 1.30.1-1.1 aarch64 novadeck 82eb0e74cdc57fd92c2872d41a7273efe78748653298e9d2ab974ee60bca1d0d
libjpeg-turbo 3.1.3-1 aarch64 snapshot e0ac96efcf7bddefe7a46211744e8cc7382fbcfeaab32ea93e4b723e5f767cf4
libjxl 0.11.2-2 aarch64 snapshot 0a59c987dfca19fddb7c7244163f30feff3e3178ad9dc815d4bf1ec4c509dbc1
libksba 1.6.8-1 aarch64 snapshot f85c37ed33fa4132a4240ffa103b187c850dc056cebde744537d4ff95ac85050
liblc3 1.1.3-2 aarch64 snapshot 4d965865e78bb66cb71bd30745f5df9c5630ba99ff57b62a334946ca1c380917
libldac 2.0.2.3-3 aarch64 snapshot 9bf8cd1630ba76af4a10a09b9eee00a7ccfcd2bb1c6cd7b8ae55c05c04306bb1
libldap 2.6.12-1 aarch64 snapshot ee0fdfaf3cfc773eaa95a0758b1ce395ed3b219d4448cd5c97412e41da063d23
liblsan 15.2.1+r604+g0b99615a8aef-1 aarch64 snapshot d027a9ecedf9adeaf2e87e655701ba828ba03680423e3bd37fac357acbb175db
libmakepkg-dropins 20-1 any stripped 768a4cc48f63d7a8eb4adcc3c69d9d69e2375c970d688d00c7201b4e7f4faa19
libmd 1.1.0-2 aarch64 snapshot 6055f3a9876ab21f6928109cefcc23d955cabfee000bc2ee237b1fae030c9b7f
libmm-glib 1.24.2-1 aarch64 snapshot bac0146ca1e2f60deccabcc9f81dded0dfe249874a23900a8e53bdfbf179ff55
libmnl 1.0.5-2 aarch64 snapshot fa3c76a8c9072cbf32dcf59245a0cd9a4a2922f00c84a21cb01f7495aa8c190d
libmodplug 0.8.9.0-6 aarch64 snapshot 62eee1fa73ff455856494e74d0064bf3cc7c4af1b6fc90775be747ef678ed60b
libmysofa 1.3.3-1 aarch64 snapshot ed41f7a6574b3452b89e888ff8d613fffaf3fa05f2e6e2feb9a08213797f8218
libndp 1.9-1.2 aarch64 snapshot 1872421fa4d9ffe0bff7222703a8768f2d1280b089f1175357a9658ad26bcf2c
libnetfilter_conntrack 1.0.9-2 aarch64 snapshot 708988b0ec002283b30d7e948f87c4217a1ced878be8d3fa1659d22290a2f50b
libnewt 0.52.25-2 aarch64 snapshot 9f20d82e61de162650482d1f5c1d8e6785ff8d1ff960846aa3bd445498148c20
libnfnetlink 1.0.2-2 aarch64 snapshot eb2836eb830b2a587e293ce89548ba822c14c92cd385ee70666c346e2146c3a4
libnftnl 1.3.1-1 aarch64 snapshot 9e526984c7bae7fd4673d98c6bd60ab9f79c2b3558edb8b8892ed70fca21f96a
libnghttp2 1.68.0-1 aarch64 snapshot e3b3f8f92e4c8e1048204ac8b96528c332300f024827dcd44b48eb0add2d68c5
libnghttp3 1.15.0-1 aarch64 snapshot bcce22b365126e794261619061eac8a09471c09f5c24ade223488e87d127b022
libngtcp2 1.21.0-1 aarch64 snapshot 971caaaf8759c04ca4062ab9dabf72c4320458c0ad891e881df07fb41b7dba3a
libnl 3.12.0-1 aarch64 snapshot 4bc4a91da3c597adc4ed4629d8ab4f5abc405c4bd7b3998894b7171bee6fa9f7
libnm 1.56.0-1 aarch64 snapshot 8a03e036f1cb3595324dad9028e75589e6ae27701b3d9e6f39d28ca707f0c9c5
libnsl 2.0.1-1 aarch64 snapshot b25e52fda0d05348e5f7655825bfe9476b47e37b4fbd92f6e0badec8fcf31888
libnvme 1.16.1-3 aarch64 snapshot ac7ea6b28ea9485cfc72c141d05067a07b25aa8211f7078f32481af1b17a29ab
libobjc 15.2.1+r604+g0b99615a8aef-1 aarch64 snapshot 05418d7d681955eb66befbf74fb55161414ba7e87022672f96d3ee901ff3d5e7
libogg 1.3.6-1 aarch64 snapshot 5b9be187865e0aa0fedaa790ad50f08a47d21475e84576f6d524be7b6092dad8
libopenmpt 0.8.4-1 aarch64 snapshot 4946f5e77731b29eaa7b86319c822bd7ed97c16d81b069ee7ed3c55f9373fb67
libp11-kit 0.26.2-1 aarch64 snapshot c41c9febe687f3236f9d7411e45a9fcbc10825d8cc93f4a241315698f656dc73
libpcap 1.10.6-1 aarch64 snapshot 2259ac87c360873786cecee5740770c81ed47ba7dac1478581a5c0dd295a437e
libpciaccess 0.18.1-2 aarch64 snapshot 6457a51dda866961a083bac166646205edf31a621f7f83b8a096d1a7825b388c
libpgm 5.3.128-3.2 aarch64 snapshot 68589e1342b6fd3fce294ac6f29645988556e0be37b4da39d5e4dc2adfe1d45c
libpipewire 1:1.6.0-1 aarch64 snapshot 872d7c41a9ba5ed19dd9d9a248f5dd349e7753b14344d87a1d4369d8818a1245
libplacebo 7.360.0-2 aarch64 snapshot b1d7375e7ab4efabbae3cbe192e348a4d4e18ba34fb4294267e96f2c5ccd5bd6
libplist 2.7.0-3 aarch64 snapshot 23c54cc2b5fa0227705a603c0ebd5fdbd63e628fc962bc26836b8fc162b5c1f4
libpng 1.6.55-1 aarch64 snapshot 237fdce7e7726b6f9ff3395457e8949770a6cdde04cb48915c82edae38594055
libproxy 0.5.12-1 aarch64 snapshot 9eead709f2690ec38c284d6e13ce7a6f46ddc128a3cf4b6c3ff59c94675c1ba1
libpsl 0.21.5-2 aarch64 snapshot 196b48fdd464d5a9fa3e6e6a8092193447b5f0ce8d59ed238d6b66a8b90fb656
libpulse 17.0+r98+gb096704c0-1 aarch64 snapshot 10aed2501067bb152e861eb49df41964a0d60b8c9ea043d5edb21d3da7dd8b95
libquadmath 15.2.1+r604+g0b99615a8aef-1 aarch64 snapshot 380dd6e4e149c7dc8f31d18e2f907383346e22fa3f6e970a1d8265a7ee43e087
libraw1394 2.1.2-4 aarch64 snapshot d3f94c4db89449eee0b1326d115cc1635c3935df7294ca539d4712750a2cd0ff
librsvg 2:2.61.4-1 aarch64 snapshot 95904727e69e0ecb3fc01eedad8bd7416ff361c063d036eb2b770913c05eb96e
libsamplerate 0.2.2-3 aarch64 snapshot 96dcdf4b472889e5d48be8066c594ef886282bff73c90fa510f7dd2bb3e7d039
libsasl 2.1.28-5.2 aarch64 snapshot 4261db0a05f370beec55bcb5e253ffac3dbfb81fa85e00746f775c8a46ceffbf
libseccomp 2.6.0-1 aarch64 snapshot 3f932df299e9494371c4a3fbfc6d1a0fa3803593ea379bbd150aa7df7e1aa92a
libsecret 0.21.7-1 aarch64 snapshot d57c064e66bba839a5457646d4635390f698fb61aae271ebcd45e72d8ba9e07f
libserialport 0.1.2-1 aarch64 snapshot b458bbeedb24c5f0363368a822b9208b8ec1ea36c37c253ca3fd5039c46e6b1a
libsm 1.2.6-1 aarch64 snapshot c9e23265d839a78c10d9922018204fbea83fc74b41d9d2d47ab77d4e6af82b49
libsndfile 1.2.2-4 aarch64 snapshot d7f9faba3480054425f1037f4599de2a5ace195ce68f47b41b82dc8b2ee53f09
libsodium 1.0.21-1 aarch64 snapshot 4100d1800b58ceddb628c6cd3d28086c41005557bd1c79bb6985d6f0f0dd5a24
libsoxr 0.1.3-4 aarch64 snapshot dd1a0f23fdf2cbc6d6932c9e3ddc61b426caf0c9089236c41b7169303e502132
libssh 0.12.0-1 aarch64 snapshot 04a9902d692f770fd743167d7d56421641d58b1b0ecb6e84bf92effa30d1b8fc
libssh2 1.11.1-1 aarch64 snapshot 690607215e2c0ddfd84dbafce4f93d5cbd35a7070343085ba09249655643bc95
libstdc++ 15.2.1+r604+g0b99615a8aef-1 aarch64 snapshot 3f14f6e8360547297a88e04b6da1232af32c071f347a56e2ec88155a742caf46
libsysprof-capture 49.0-2 aarch64 snapshot 9299e4dc3b91402cbed3064ce2dfd8a261613eb4db0f6c6714e3f287b4416182
libtasn1 4.21.0-1 aarch64 snapshot 9f32a3c30395c3d6f792d36fccf0a52fd46a4e256b5bd87bdb4807d98a9ba6d3
libtatsu 1.0.5-1 aarch64 snapshot 8e94bf6408b30acf155b0a6c97b514dbb28f55f030607f3e06b7ec04775f18ae
libteam 1.32-3 aarch64 snapshot 1ce21f0c70a847bc15a49e549fb7189b560ed2c59f426de0b411c5762b8753cf
libthai 0.1.30-1 aarch64 snapshot 5de907801ef26570a2f97c1e9f739d3e110bdfe1e52d121f4eea9391ccfb72ac
libtheora 1.2.0-1 aarch64 snapshot 853696c06287637750441b5b7091c5a283e0a582ddac2ba25a1bf1a81b5c6a5d
libtiff 4.7.1-1 aarch64 snapshot b5b7c13e76b6ea63411c69dfb83e5f42bff92b8f8cf082a2986caca9f0eea680
libtirpc 1.3.7-1 aarch64 snapshot b1a0dde910f94ebb37d6df988257432f24cb691282609edd8bae00dbf7166d1c
libtsan 15.2.1+r604+g0b99615a8aef-1 aarch64 snapshot e6d9393134ab222dd33a5c27397351b23bc88d3bdbd3e325dd6f0f0338d19ede
libubsan 15.2.1+r604+g0b99615a8aef-1 aarch64 snapshot 2585cbb8bb1c34f446d6e8f510319529e90f9cbb10d470dfd9a4879d4440cc13
libunibreak 6.1-1 aarch64 snapshot 952dc56d599b503923ecfe5292bd7d081527848eb8133f7a10fb83ab48a315f4
libunistring 1.4.1-1 aarch64 snapshot 70769aec5b9ac44ec5c1e548bf4af591bd704edac20dbd29d1f80fb33d4114cd
libunwind 1.8.2-1 aarch64 snapshot 178f5948afc362aa684660488ab5483ce340ef68eda262bc32d0484a8476e0b2
liburing 2.14-1 aarch64 snapshot 8850c07e0636a5eb32ca2b347a16eb0ffb8a2e75d28f1f62621548f7d62edc5d
libusb 1.0.29-1 aarch64 snapshot b3c1ef3cdf547ddc7a852ea426da7d2c920298c5c231537b33c896606b6fb27d
libusbmuxd 2.1.1-2 aarch64 snapshot 7a7c2530417903e998847c6751521c72cc8bdcf6a0b2dc76d30a9d251e585626
libva 2.22.0-1 aarch64 snapshot 2ce788ae338bdc2fe3a5f0d7e8306664e1e7498545c351a972e8e6e577f13659
libvdpau 1.5-4 aarch64 snapshot 93d2a4efd748ed744da5911acc1c38bf82541d58832b4fa9d60e1120fa077201
libverto 0.3.2-5 aarch64 snapshot b3a963cab86738da594746c74ebc2aa2ab32015af5af8cdd2b68195cb3368bd3
libvorbis 1.3.7-4 aarch64 snapshot 5c19f0d88c80177800e859bc7d079a6e136b1621adea2da18f5a31eed2c0c5e7
libvpl 2.16.0-2 aarch64 snapshot 18e7f96ec3b6c561a3699425e8737c135b801dbe30217cc347bee94564961f79
libvpx 1.15.2-3 aarch64 snapshot 6d01cc6b867748759e672daa699c9f93a30dc83579d12c0f0e3008e4a4683a03
libwacom 2.18.0-2 aarch64 snapshot debda4b77ffa866de61b49bcbf0b1b742c09ad46048ba026ce9c798565030efd
libwebp 1.6.0-2 aarch64 snapshot d9d6e55d480c5688dd5b05530b25b5f59f877814d78231e6277f153c34834c43
libwireplumber 0.5.13-1 aarch64 snapshot c8d5f0426468877f0f2170ad0311a86a29fb4ce1f708da855c254c2182a2c3f2
libx11 1.8.13-1 aarch64 snapshot 5d626413d43a2b81f200dc2c9cd4a4a129836fc648a64a8a4ce3aa511b0ce9fc
libxau 1.0.12-1 aarch64 snapshot 0ff8f3ed8ce34ffb0058c074029e170dec24dbb10e1d2d62af3bc7c7a2f81da1
libxcb 1.17.0-1 aarch64 snapshot 0db12db6b386cf9f009153e560301dc20b32b8950fe8f996394a6ee14a7a9251
libxcomposite 0.4.7-1 aarch64 snapshot 62f556603dbe6d3643c1ccac72d8c74f9a7d5cf3d335711f88549f2e1b609eec
libxcrypt 4.5.2-1 aarch64 snapshot 0eb7e2fac74c3320306dbded65ce0d1dcfa6fa8c0e4400d7945f84834fc69633
libxcursor 1.2.3-1 aarch64 snapshot 9c36192309843ff1e00c051c8e1fb5c3d48dbe4d0570d12a745c4b7188470662
libxcvt 0.1.3-1 aarch64 snapshot e6889e9b094c6455df8a6444c9940476172f3fb89fb9076a304a0a964e64a122
libxdamage 1.1.7-1 aarch64 snapshot 0c65cf7818507d100d8413897cea344e32a9ead0c3b71fcf8a0b06f1adaa2daa
libxdmcp 1.1.5-1 aarch64 snapshot 2085d8683f5194e84336ca8131181c7a30d5a5efbfede0f74b7f32c160a161ea
libxext 1.3.7-1 aarch64 snapshot d2415c8d1e51af0dc24b265d1f15525b09f44dea8331ae4ec22ee19dc05d6b83
libxfixes 6.0.2-1 aarch64 snapshot 739c5681fb311298e661eaaf76cef39458181b6acfc71d527908446d466326fd
libxfont2 2.0.7-1 aarch64 snapshot bd2671b45d4b5acf8f203a7ff98194750f6f5e3b6b51d1dde36c6c7cf5f4e7ca
libxft 2.3.9-1 aarch64 snapshot 4f5743f0c6e7f0ab9636b21992e09ac1dd0a46a43c15a5aa082619f024c24e6d
libxi 1.8.2-1 aarch64 snapshot 2ecac1e436f0b5fc249e597d180603097f52b46d43c9175ef53b814a8d9d4bcc
libxinerama 1.1.6-1 aarch64 snapshot ee2dce2876044cf35985186409eed59f3ee8ee0e1b2460ab78f70f76b3b1ded1
libxkbcommon 1.13.1-1 aarch64 snapshot 58665587187aed82302c49be40d4db5d6e3985668702f890c7ac092a3973bf51
libxkbcommon-x11 1.13.1-1 aarch64 snapshot 2f530ca28e365bd141fc8c29ebe4b9ed91cea4b05374b948c1a4b301271577ee
libxkbfile 1.2.0-1 aarch64 snapshot d92b185268fd836b6e8b9f3c351d0310d743494b41ee1208cf281ea6b0ca181c
libxml2 2.15.2-1 aarch64 snapshot 4efbf1e5fceadcb93922884db4243739b4401118883d5d4d7275cdc961d4c117
libxmu 1.3.1-1 aarch64 snapshot d6f3969e54a1ed0c777039ddc25b674737e533345fe561d40fe9353971c9dc0d
libxrandr 1.5.5-1 aarch64 snapshot a36f1d19554f7c480cdac3cc6b30346c41b0c73e2d08061a7a0728004a2285d4
libxrender 0.9.12-1 aarch64 snapshot ef4fd7f2535503bca6956f6d665e02c6c6ff3b48e75a8703dd211aa3af86a673
libxres 1.2.3-1 aarch64 snapshot 51e573ffe16b8656684b47ce2c3f4e19d79541c6dfb49715d49c6104eb31c07a
libxshmfence 1.3.3-1 aarch64 snapshot 02c67ce63904c360ceaa7c8f406b1211e8257fbc05f7bd26dceb0ba941c8a81e
libxt 1.3.1-1 aarch64 snapshot e42b25f49f8a453512da92a9c0d6abaf9633f0c1743a93476af775b926787214
libxtst 1.2.5-1 aarch64 snapshot a5f7228858f771a19c7eb64f4df41dd2f08579f567b7c7df1b23e58dec9079a8
libxv 1.0.13-1 aarch64 snapshot 0e4a8823cb69d1939bc496f7a7cabf560ba807a98fbe67ddda97e742b4cee5d1
libxxf86vm 1.1.7-1 aarch64 snapshot d8cc451de29d4d0739a57e819dad995f1beac602b5acde5bdd39091b64c9918e
libyuv r2426+464c51a03-1 aarch64 snapshot 262963ade7421af529f30aa8e86d1698b493245fcbd9361617ff8c1672d65511
licenses 20240728-1 any snapshot 47e9f4ad914da21f6326cc4eb84a788043523191f80d8e661b936b25d7fa1879
lilv 0.26.4-1 aarch64 snapshot 197d48ff17d7f25c36f047af29f29e089b110e3822b1c9f21b22345b9b617177
linux-api-headers 6.19-1 aarch64 snapshot 4ccdbc34178cbc11faf9a93f06a7f70d13bf24f29e5311271a59c74b7db8ce0d
lm_sensors 1:3.6.2-1.2 aarch64 snapshot 0227689b3ff48c3f9bf51eca86334c9dd1cf408efc60fa0867681cb177fa5a85
lmdb 0.9.34-1 aarch64 snapshot 93feac90acbd67a19c5e934fae32470418fcacffe7c843a6750aaff26025a280
lsfg-vk 2.0.0-1.1 aarch64 novadeck 847b280f5ca5dcc55681a31f86125e1e5004125a2df7d9d0d66abb27cea634b5
lsof 4.99.6-1 aarch64 snapshot 10262d605adcdc0477d749baa4098d46da1df010d11abe7035372a370fcf2422
lua 5.4.8-2 aarch64 snapshot 42ef5c113a05f1dba2e0a0a317a54048966049f1c550f63ad14b41fac7bb34f0
luajit 2.1.1767980792+707c12b-2 aarch64 snapshot 0e9ffa8a65e38ebc232cb1c0b9a9f9ca6764be5a8669607c81558a9506e35120
lv2 1.18.10-2 aarch64 snapshot f9649868951778577d7475fd807646a1a6aef6603ed53b41815a3688590e92ea
lz4 1:1.10.0-2 aarch64 snapshot af5d44c36259e2257ba033b623ef6104dcc2a552271264b6b433ddaf8422f3ee
lzo 2.10-5 aarch64 snapshot ff11d9a5060ae28fbece3faad126724314232747cc09b836157f02ee09d3869a
mangohud 0.8.4-1.1 aarch64 novadeck 1c3da169d8926a7dab94e9796ea0db49d768159fcb4207aac2349d172121cb1b
md4c 0.5.2-1 aarch64 snapshot b542000427e8b628fc344dcc0a00bab5d1b4fb470d046591cf3702cc96283d85
mdadm 4.5-2 aarch64 snapshot b9e4bab52b467355fd35806fd68aea10252118e6eb36b04b35147af5cf7884e3
mesa 1:26.2.3-1.1 aarch64 novadeck ea5141ffec967360dd633344b01e9f8fcee48de81a3edb1fed0d1ec4c08925b6
mobile-broadband-provider-info 20251101-1 any snapshot 1b0146d8b72f6ffc3edcccd5709d8de42798c4827a5fccd994c389584d60c56c
mpdecimal 4.0.1-1 aarch64 snapshot eff733ac090d3010d32720a43a8c5a51085bff934a80d6ebc58f6fbdfa6f1cb6
mpfr 4.2.2-1 aarch64 snapshot 25f827431b1a13a6f524d76e62c0b0bdc5c1bf6ffd3d849cf73b5f840172ac2f
mpg123 1.33.4-1 aarch64 snapshot 85d0bc7014043ffb5d180ea960a7c23083031e25d31e3b1abbe459e31d23fbbc
mtdev 1.1.7-1 aarch64 snapshot ddc6848de75a95048baacb5a27f06980dc1f8384f41bd5346d0dd048ee8ebd86
ncurses 6.6-1 aarch64 snapshot 720abd9c7cac95a6158ffb95370a0207d56bc8ce9a489df85fdf99519a30288d
nettle 3.10.2-1 aarch64 snapshot 5cb3df998f01ea7ff5fed07631c2fe4e17ce3b805e09a1137a5dd9dca2e82acd
networkmanager 1.56.0-1 aarch64 snapshot 832283a4cbc90af83531f94c963262e35f4328876a54e603b63bc4c0d21e87fb
noto-fonts 1:2026.03.01-1 any snapshot fbd00629fe3c0087c2520d03007d1125f8fca555297c488297d1fff0baa3fa79
noto-fonts-cjk 20240730-1 any snapshot bab25db69704a9055a7b5f608a6ec921ea0b15aa54e1e35ae4d83aa1c0970662
noto-fonts-emoji 1:2.051-1 any snapshot 34db08b3f09570154158648b81304bbdb9991178d8da22de096d95968e836d65
npth 1.8-1 aarch64 snapshot 33c3ce47a23ab2db17bedfb58cf5a8a4a88328875425f63331893f609bfc784f
nspr 4.38.2-1 aarch64 snapshot 8f1ad44d9f9caf9dddf1c54de56ce9c0398770068df57f688c692729a1702b14
nss 3.121-1 aarch64 snapshot 664cd6fbfc95f209e59250f211444bef1f9e1520e9bc573f62b383cd28fd9118
ocl-icd 2.3.4-1 aarch64 snapshot 9c7d001bdae2d19a4fc2c050a1a14bbb17853989880824964095a4b85ad14374
openal 1.25.1-1 aarch64 snapshot 422e4fefdff189b1c59af7625d259d33f0019daea2765c90472732a9e402c1f0
opencore-amr 0.1.6-2 aarch64 snapshot 4fa7055c225c274bd2b76c617dd48ade52ea0f1316320eeff49411e652e52cbf
openjpeg2 2.5.4-1 aarch64 snapshot 1f5d24b1f8ae967010f553244cd905f2d06e58003f486459c90a654fd4047b90
openssh 10.2p1-2 aarch64 snapshot b96ab7c370317b95543420e34b544317272d48560d0a559d83de8dc501073713
openssl 3.6.1-1 aarch64 snapshot 4c1ace142f95606d0bd1e0a391f81a7c906fd5b6d0785720d84503460cb0f762
opus 1.6.1-1 aarch64 snapshot 23ef798e8550792d4685cfb9aa48b938826e1090916334541c9e7e13685be7a6
p11-kit 0.26.2-1 aarch64 snapshot d24d1ca04632100a7c91f9c28819f91a84f0cbbfb2f97a86d2795a914f2d9e17
pacman 7.1.0.r9.g54d9411-1.1 aarch64 stripped c01e7431f2d2b0693b1ba59fd2464144d21fc618783390f123f55edf39070c87
pacman-mirrorlist 20260213-1 any stripped db35111db8dfb3939ab21cd5332e2d946d2d07a26db7c521688889c7e9bd20e2
pam 1.7.2-2 aarch64 snapshot 94cc8603e0866512488a3327954c1b6f6b20272b6cee3ffc1d9d8c21c12289d4
pambase 20250719-1 any snapshot 30c95795caf0c17f98897f96e96a03c6999f2682c160c13a0d6e82d768938c22
pango 1:1.57.0-2 aarch64 snapshot 2c747bc0f8e09206376d2af888e044a036a6370d6f2d06de33066f887da54e99
parted 3.6-2 aarch64 snapshot 64b6728b4e62058653d7142d0c9eac84dbeaa572b32eb777a367543983c28540
pciutils 3.14.0-1 aarch64 snapshot 84008b6de6145c5da676e0b05259025c79a6f7deccd1a2b0584ce4c8e6082a8f
pcre 8.45-4 aarch64 snapshot 5fd3b480563bcf9a69e993b6a2cfbeccc42f74fe92f2a806dec029045328b3f4
pcre2 10.47-1 aarch64 snapshot c5584a9df4ed6c5fba7744d479a691b3dcde5b920e50c3ea4e1a4429d4e8413b
pcsclite 2.4.1-1 aarch64 snapshot 51968a4e9751df2eabfed24baeda73dca9ced923ebccb706b5153d2664f32c5d
pinentry 1.3.2-2 aarch64 snapshot eda80ca774898a19d28f9bbadc6ec3e8306632e2c10457239530346b83756533
pipewire 1:1.6.0-1 aarch64 snapshot 6f8389f46a6632dbd6411a2ff9e955ebdfb8ce005a74f88235f029f164554151
pipewire-alsa 1:1.6.0-1 aarch64 snapshot 08c5a502928357a3e32fdc9e14424329e672241b5f49f2f092a6091374e3c98f
pipewire-audio 1:1.6.0-1 aarch64 snapshot d7da18715a5206055c245b4fbc0b10cd6d8536596cc1a7a282a33f9523fb8fa2
pipewire-pulse 1:1.6.0-1 aarch64 snapshot caed7a384280914068e4b59b14a1221b2b44cdece9660b8691da1ac01e728624
pixman 0.46.4-1 aarch64 snapshot b2133d3630f753b60d09140d5ba500f82e7bbcba7605b90c027a9900d57be6f7
polkit 127-3 aarch64 snapshot e7b30610ec913755af8d95e167fc5d7d62e44d7a048616271ef31ebb641aa840
popt 1.19-2 aarch64 snapshot 2c40b09299ff8f955956053a68ea18297e94172413c3c1a5e1411790467fbac1
portaudio 1:19.7.0-3 aarch64 snapshot 069b4dda9a6411f4013ef2f4254e2f931ecc4082bf08f7d5f34693d620eb1269
procps-ng 4.0.6-1 aarch64 snapshot 4ab791f203e8788ad8ec17c274c73676568412e5099f596b3b30cc7ab8e47b5d
proton-cachyos 11.0-20260703-slr - prebuilt 317f4b8f390fb4dea15ef9ebcf75cb4f350d01b61bff184fe29a1c4e10ce0cc5
proton-ge GE-Proton11-7 - prebuilt b77ac906186568c2f3c66674b85c712b145ccf73ff2718a50dd7bf6248b67ba3
psmisc 23.7-1.2 aarch64 snapshot 92ee5919c0d4b72e600f6751c34ece117b058b463f657787ea2f1efb968c7162
python 3.14.3-1 aarch64 snapshot 4d38a62cf03a61c5f9c12c7950cb358db2b69231111f97653184bb45a3f9f4c3
python-gobject 3.54.5-2 aarch64 snapshot b0e83dd5961516701c61a07f69fb661539dd2a1bb7a356285218e8aad59cd908
qt6-base 6.10.2-1 aarch64 snapshot 2db032f37d29e7bd89b22afd653a22657e7e98294d97763f8b5ce4a879996230
qt6-declarative 6.10.2-1 aarch64 snapshot 019bdd3ad2d3b8d665d21edca59321978ab305c9d5d34096cfbe2ad2e949b1f0
qt6-translations 6.10.2-1 any snapshot a0999ee75c395c40913e87ff3d98f36ee970f1f87c87eb4d6cbab220ff31fe1c
rauc 1.15.2-1.1 aarch64 novadeck b1ace121214ab365bb9b692e760b029472fb724335e9d0ed7bdfeb05efedb772
rav1e 0.8.1-2 aarch64 snapshot 23c38edb528a8a0622190d7a6c97151bd3cc9bc1fdf1bf80a36b7d42748599f3
readline 8.3.003-1 aarch64 snapshot 234d34bfa158e7355f805469b5c21ca92de35dd8b130eb647841f39ef4b62ff5
rsync 3.4.1-2.2 aarch64 snapshot 7d09a5aa7724d493820bd3230276fab35327e4b119715c8728a19c55bd296f62
rtkit 0.14-1 aarch64 snapshot 00e57b5e1f5981bbdb0d8a2655a686b6e74eb59aa3e8e8904494e7b890e96131
rubberband 4.0.0-1 aarch64 snapshot 024e25e398b94884d060b85877ba4a7068a40c4b0cfc8d3346c2ca64debb9ed9
sbc 2.2-1 aarch64 snapshot e4adeb74855918fe764bfdbc87e23a30cd51ac5f8d620ce47a7100afa3cf9a11
scx-scheds 1.1.3-1.2 aarch64 novadeck 464b1fa7c8d28c80492b2f298b44987bb820278b057797b7a7be0457a8f57020
sddm 0.21.0-1.1 aarch64 novadeck 2390cc34d7ec357f0859592290303dafc104f27e8f95c000649b160f345c1890
sdl2-compat 2.32.64-1 aarch64 snapshot 7c29c5f71c089d181dc3cc871617a7fa3efe9779d0d2ac15b8981fed96b7e250
sdl3 3.4.2-1 aarch64 snapshot 12424231a395d2bc79c0d5bb5894c173c7aaf626ae8c435c0f7c063b6ccf9508
seatd 0.9.3-1 aarch64 snapshot c827edc127c633fa3d6290fd0242ff2f680b8788a0dc7b29442e5a3943ae0940
sed 4.9-3 aarch64 snapshot a26361ef76878c9d599d2d5df8dd25c4cd331a915f2992512e689cde362fe6f9
serd 0.32.8-1 aarch64 snapshot c4ec312829f30a155ab87233f36eb8ef5e2af7832b8f47e7a82c5d9eab9c9e42
shaderc 2026.1-2 aarch64 snapshot 381812c4870d8837cbfb0ffd48635a18b5a5ccb0667e9c2eabebdaa8f8872fb4
shadow 4.18.0-1 aarch64 snapshot 14d1768924550f181fbd14113cabe19e2395d6eb8db98dbec0f4eaad3ecfe424
shared-mime-info 2.4-3 aarch64 snapshot faa22b81250ced5d125456dec5531e0b74bb4519e82a756387f4b79ed03d04eb
slang 2.3.3-4 aarch64 snapshot efa9b7759db82e6ece8cccabfbc22cfda4faa5a9e07ae2cbf812ccb8a37db8a9
snappy 1.2.2-3 aarch64 snapshot ec5231c0b77e519b3979df767e41a4faa66a6260dc447309f8d1093d35b40291
sndio 1.10.0-1 aarch64 snapshot bf3393bda9e6a00c244a04477ef1cf3df8fbd2247695a58fb852e31419031dd9
sord 0.16.22-1 aarch64 snapshot ee21371e27dd7d8b28aabc8a85ab73513cd39fb015f88515eaf0d29c6d273198
spandsp 0.0.6-7 aarch64 snapshot 67238acb545164b2f7c1f92d242c2fe09af01dd145003abca14c0b94cdc2e0dc
spdlog 1.17.0-2 aarch64 snapshot 4bf65f6ceeca416185782ef5c276e4d3c1b5670f69bb4610ac9fcdc02b571dce
speex 1.2.1-2 aarch64 snapshot c3fa7725e87b87379b958ef48a236b368ae31a5832f2aca4c7be7c8b81d458a3
speexdsp 1.2.1-2 aarch64 snapshot 8cb5038f7959d43a56ce03db8fee40b25068038633442163acc07a46f811e37e
spirv-tools 1:1.4.341.0-2 aarch64 snapshot 74ae10c42bcd2c89bf0dff7e97985bb15cdd3a26011110b386404f5884873e85
sqlite 3.51.2-1 aarch64 snapshot ddda1a6ef821d592fb735eee330402ad10a7796a3f72d12ced0f721dd2212842
squashfuse 0.6.1-1 aarch64 snapshot 922432802f1c5b65fa9a4b539505104f8e5a5c2be852b385fcd1e03e477f4ef2
sratom 0.6.22-1 aarch64 snapshot 19cb7ce809845c94c02a78f3ff761e299627f19a05269ec79036ba4ef5154c23
srt 1.5.4-1 aarch64 snapshot 397e6fb68cafe0d7d0b53e9fc5f776bac686fb1342d0041dd458e001e057d9dc
svt-av1 4.0.1-1 aarch64 snapshot e8b237a7dc295ac782a80bb87b722fa028200287a2cf14fcc8133b25e866934a
systemd 259.3-1 aarch64 snapshot 8ab0f9e9189f138a352fb8a9c78b0c4f0b0ea148daf2cbecd757c281ea4d5f82
systemd-libs 259.3-1 aarch64 snapshot 08cdcf6af442a7852551586a38198ad248a30d4bfaa61fabca758cc9458c7d28
systemd-sysvcompat 259.3-1 aarch64 snapshot efc54f59499e1e81566970c33c15961b10238b5f6cb8a99f069cd4ae77e2c721
tar 1.35-2 aarch64 snapshot 6df1df2209e1b9830293607fb22b3e1236c74dee0e550677baec0683a87f6f0d
tpm2-tss 4.1.3-1 aarch64 snapshot 851d67bd6cb1a86dd405119872b19c543c4d8a982932c3df2c24ad3325899fdb
tslib 1.24-1 aarch64 snapshot 37328751a16d9f6dabdca03a67f5b647d9fd45b8c2329eb379543ac068cff976
tzdata 2026a-1 aarch64 snapshot dc068920217dc3326374815c97dcda62e4562d8c872dc5be59aee2edde58cc56
udisks2 2.11.1-2 aarch64 snapshot 6668c563173e4e552203bc1a6a616a6e12931bdafce514c65215d90498977617
unzip 6.0-23 aarch64 snapshot 2450330a7d4ee57186b98f542e99c29c78bf018f02903bb05d4fb0572a801ec6
upower 1.91.1-1 aarch64 snapshot 923eab8050e7243f94a067e4f88f5fedec4249ced4e6a0d4d04f1058275e2a26
util-linux 2.41.3-2 aarch64 snapshot 7921aac47c646a94e768e2147609e05aadad669c2189d7e4266b568e0942f51d
util-linux-libs 2.41.3-2 aarch64 snapshot 333b91fe2670ea194fb375c26529fca443e80800e0c8229c7627d34f0135eaca
v4l-utils 1.32.0-2 aarch64 snapshot 43d9900825c3698a3a22cac491f7d548c0fb94c290679929581c637a0b0765c8
vapoursynth 73-2 aarch64 snapshot 3d28364d9703d2045e8f6092e21dc5b6b7638de8464e39e90983b48b5bd7ce3b
vid.stab 1.1.1-2 aarch64 snapshot 076251c66dc2a7fd8d6be73b9727f083ff6c222f6858e6e824c721915b563182
vmaf 3.0.0-2 aarch64 snapshot 7590d75ab0ab5eb7edf10bdca7801363883b9052759199588e93af68611c42ee
volume_key 0.3.12-12 aarch64 snapshot 9ffff52f6be0342278fcf4b8071d25634c85c3592bd0ecd4277fad9b5b2ec6df
vulkan-freedreno 1:26.2.3-1.1 aarch64 novadeck ea5141ffec967360dd633344b01e9f8fcee48de81a3edb1fed0d1ec4c08925b6
vulkan-icd-loader 1.4.341.0-1 aarch64 snapshot 8ac7dce6088c7846ad03dd37ca2b8529752d4588488c3ec5a686d7ba24faa493
vulkan-mesa-device-select 1:26.2.3-1.1 aarch64 novadeck ea5141ffec967360dd633344b01e9f8fcee48de81a3edb1fed0d1ec4c08925b6
vulkan-tools 1.4.341.0-2 aarch64 snapshot b8ec4e69b1b1f0c110936a5d26618def828b60045133e446a27b96f0188db70a
wayland 1.24.0-1 aarch64 snapshot a7869a1679eeb0d8a02e690bf13939a5f103cb354e7f46dca3f5395b14c8f940
webrtc-audio-processing-1 1.3-5 aarch64 snapshot 22350ba4701c4fb56f354408d24048cd9667aa04cebfc9f883c33a12f8e3f3c5
wireless-regdb 2026.02.04-1 any snapshot 9ad1ab59ce30598db160c673729427b3da753deccf09f779babca2190e59f65d
wireplumber 0.5.13-1 aarch64 snapshot 64e156714f02cb042760d67ac8a4e218c6a9fbb07f5c257830819ad3f993ae0d
wpa_supplicant 2:2.11-5 aarch64 snapshot 2f27be75e6273b51ba0b9a8c13d37d4074201e73f82c3f381754d00e323e2c9c
x264 3:0.165.r3222.b35605a-2 aarch64 snapshot ba86bd8910bb3703d9138fd3e60f2b083484283b0a49ba45ac815743088b679a
x265 4.1-1 aarch64 snapshot d4d3d1c133af9680bd19b1ad6d2b0d5138e5b494998faa7df94b4c9fb61bdf3a
xcb-proto 1.17.0-4 any snapshot 6d56a9253612223a21fc3f90bc2e9c04e3b6e0f927ee682b358897c793ec324b
xcb-util 0.4.1-2 aarch64 snapshot fcad20baa1a812bc851d3f44a0a1a53ba3add437091e49056430ce298c9bf80b
xcb-util-cursor 0.1.6-1 aarch64 snapshot c03222145d8fb2fdd28a7304259165a7eba7ca0630ab603a478da23245e21763
xcb-util-errors 1.0.1-2 aarch64 snapshot 4fdfcca00f5d18d2296d36f2e8e283fd4fb0f471cc6b63f6276e10b7d9350374
xcb-util-image 0.4.1-3 aarch64 snapshot 3bb661f031197820df513b546afe4500d968dd4b4cb968ff974db3472ca426e9
xcb-util-keysyms 0.4.1-5 aarch64 snapshot acb7990422b639254cef13828d6ccd7b7e524c6a3caac2cbace9e0937ac206ca
xcb-util-renderutil 0.3.10-2 aarch64 snapshot e6601ae6c355570d1f4decaaf1386139da812c2eaa37edf40090f4a06f7af403
xcb-util-wm 0.4.2-2 aarch64 snapshot a8d3059b374c8994eeaceb9c2ef42e9a9156653f974b018da359e3b5c91fe47a
xdg-utils 1.2.1-2 any snapshot 666f687ae091f70fcb719bd6d117c40d9f38caa8fca275d42ec22a0776edda25
xkeyboard-config 2.47-1 any snapshot 2a18c48877c01880759b32ca8a9fb2746c259634ecbf2201d5933f124bbc0063
xorg-fonts-encodings 1.1.0-1 any snapshot 2999e3fe140bc7b0d3b31b48f0ebcabfe6371087024eaf1c8f591785846318b3
xorg-server-common 21.1.21-1 aarch64 snapshot 7563770f053c62f700efb71d41fb82f3b4372d5a783917ef2cf8244217a65d0a
xorg-setxkbmap 1.3.4-2 aarch64 snapshot fb60ee97e6b9c5668efad62f8e3acb58a09592b7332e8b0d70a928483bc418e7
xorg-xkbcomp 1.5.0-1 aarch64 snapshot a9b7f3d98b21edf4713f4f89ec2ee58d05da7216cf607aa78537076241fd3231
xorg-xprop 1.2.8-1 aarch64 snapshot bdf2eb4cc1bf9650bd4404557e66562e9dfa644d612a12470c46c9b595efdc8a
xorg-xwayland 24.1.9-1 aarch64 snapshot bfb9cfd9681bb23f4fcc615636b3e19b4c3850978cd7068d7cc81cdbbf851e33
xorgproto 2025.1-1 any snapshot fae26e457170620dd69f377eb834e210c3cabbef98e711a4611b08f379280bf0
xvidcore 1.3.7-3 aarch64 snapshot dcbb8e038b145458f5eacfbf97018ec89681c4525379ade15c5e7e0e933649e9
xxhash 0.8.3-1 aarch64 snapshot fae23d561dce242dd191c2eba70306ff1d1946c13fc5482f5373357c152c602c
xz 5.8.2-1 aarch64 snapshot 4f71d017538e8dfca27a53451b04b5a7cf947e2d47a3565d27a15427247cd7a9
zeromq 4.3.5-3 aarch64 snapshot 2fa6ded8f72a4ac1cc1b97f466b055904f8d17070e45e746747bfef462456c6d
zimg 3.0.6-1 aarch64 snapshot fbfe8e4158d6e9e8961cf0dcfd48038b983c0f132149ea653f2ab83ac934c83c
zix 0.8.0-1 aarch64 snapshot 81809eec091d300ea656619d1eea5216d81415cb55db7150430d7f65ae71d3b4
zlib 1:1.3.2-2 aarch64 snapshot 6ce15ed44b55be9b011202132bd5a4fff0c93fcc3160e658b741f25ca1a49833
zram-generator 1.2.1-1.1 aarch64 snapshot 5e96a117d1855c425da9ebd1cd7037de660ad337a8c054d8cae7aab53bec7ba2
zstd 1.5.7-3 aarch64 snapshot 8b9459b58cd34839b528d818052aeb7d4b5cba539ca11db4307f8b6844201504
