# novadeck INSTALLER package manifest — GENERATED by installer/genlock.sh, do not hand-edit.
# Regenerate with `make relock-installer` after any change to installer/pkgs.list; review the diff.
#
# This describes the INSTALLER image (installer/mkroot.sh), NOT the image that ships on a device —
# that one is rootfs/manifest.lock. The two are separate artifacts on purpose: the installer
# carries partition and filesystem tools that no device ever gets, and a single lock covering both
# would stop meaning "this is what is on the device". See this generator's header.
#
# repo snapshot: https://holo-packages.steamos.cloud/archlinux-deckard/archlinux/mash-20260305
# built in:      https://holo-packages.steamos.cloud/archlinux-deckard/archlinux/mash-20260305/system.rootfs.zst sha256:e9a0d9358c4da1a5beddb9f05d8793340a24d71c2ccf2bc5e813f5bd7da42a39   (execution environment only — contributes no files)
#
# name version arch source sha256   (source: snapshot|novadeck|prebuilt)
# Every row carries a real hash: the root is bootstrapped from packages, so there is no content on
# the image that no package file put there. The hash column pins two different things, because
# these classes are pinned by genuinely different mechanisms:
#   snapshot/prebuilt  the FILE — the exact bytes fetched and installed or placed.
#   novadeck           the SOURCES — packages/inputhash.sh over that package's source.pin +
#     patches + local PKGBUILD + build/builder.pin. These are built here and are not bit-reproducible, so an artifact
#     hash would move on every rebuild from unchanged inputs. Rows sharing a hash come from one
#     split PKGBUILD (mesa emits three).
# There is no 'stripped' class here: the installer keeps its pacman and is never sealed.
acl 2.3.2-1.2 aarch64 snapshot 57dd0cf474187d1584f2894b1da10449c42cbf24228aceae8eefc253c70029a0
aom 3.13.1-2 aarch64 snapshot 13d50fb3e29bad6fc74cd63153c9701678535d72eaeddbd4bd69310b3526ba53
archlinux-keyring 20260301-1 any snapshot c1ca93d60de34f5a0882d940a6daf606127949061c2562407abdfeae09eaf868
attr 2.5.2-1.2 aarch64 snapshot 128ba6da6d6d17392c9c7894f3fe8af994d64e70235714b1a96d55f4d9f0d932
audit 4.1.3-1 aarch64 snapshot edcec40e77f15375650cde4caf1e6e0579bc86075d8619b2288d7fa2c8e66199
avahi 1:0.9rc3-1 aarch64 snapshot 599cbe0eb72ba984f842ec7fce6d998cd96020632c052bec6638e96e301ee068
base 3-3 any snapshot 0cb90ddbf3de917419ea77978576965812f5496588cefc2d9592204d15552156
bash 5.3.9-1 aarch64 snapshot 5b0947500df2459dd535b3035f84f2ed57b7123191f840636cc4ff544c24e862
binutils 2.46-1 aarch64 snapshot 8e2a9ec36b5c4b83625992677de0dd9d26941ebbf0ef0a58a1b1a2eb6f7d5460
brotli 1.2.0-1 aarch64 snapshot f97a489112a09abd9d0fdacbf47a3b26dc50e683a4f7dd97f3cf121d64edee9d
btrfs-progs 6.19-1 aarch64 snapshot e22a096a6bed59ebe78e3781bae45d7d127ce9cbf48364f7446d47b1500cec86
bzip2 1.0.8-6 aarch64 snapshot d3811e3340bc406f40f4c59d9ea815e46091ba362226f8aa6ce0ee3eaa63ea6c
ca-certificates 20240618-1 any snapshot 982005bd5ecc998c05f561b57bb58b4457407779727e3c3d59e926d34a8b0712
ca-certificates-mozilla 3.121-1 aarch64 snapshot da50977801821533eca5e80101b4222a823b2d50753c09ce6b3313a689619a94
ca-certificates-utils 20240618-1 any snapshot aabd5b2b7030716ccdd465d607e734e851fe4a01adf8293a3968fe22eb89ce9b
cairo 1.18.4-1 aarch64 snapshot d3d64a92e050a35877154ae55391221b999f300fc8fecda5ff012c4bc8ab5a7e
coreutils 9.10-1 aarch64 snapshot f4f625e286ca7643f6939c75b53fce72a65dc66cc403b6a4ab9da4007a97a23f
cryptsetup 2.8.4-1 aarch64 snapshot a1bdde68340129f09d503f8095b6e7b286ccaa7c79cf43ffe997b6ad8c1bd6ad
curl 8.18.0-3 aarch64 snapshot 15d24226fc26da81cc201a5b47434f2f0a3168a45a52dbf9c1927efa363e9c4f
dav1d 1.5.3-1 aarch64 snapshot 9fe86441acda03fc1c1b454354c23029c4d24cf5c45281e0d065e0d62eafcf62
dbus 1.16.2-1 aarch64 snapshot 99a094819e93c6f22e10ea8eed4daf2fcfefcf7d1535859ad923cf2d3d1b4ef1
dbus-broker 37-3 aarch64 snapshot b11e71e7ee72717336b415d5affaf91cd3accd95845ab941b8840fd02dfa9ea0
dbus-broker-units 37-3 aarch64 snapshot 7e432ffde73ef74ce86e7eb1fe5d97e0cda93b3d9f8d4e02c322bc79cf62129b
dbus-units 37-3 aarch64 snapshot 4d9a5f303a739d6d7a2239108de588083bf1a7d0746e0acf561f5f0e6d7fbf83
default-cursors 3-1 any snapshot ae52028372c3b2f66547baab41f1614b25472489d927b1a50b596bb8df7c056e
device-mapper 2.03.38-1 aarch64 snapshot 99add5d135e98f0f9ecb36202f8fdb0827dbf480510a7dccab078e84c2bc2750
dosfstools 4.2-5 aarch64 snapshot 385092d21ec0830909157ea4669f135cd95d509208160ef5313e5516b35c86ff
duktape 2.7.0-7 aarch64 snapshot 24807fc3fa8d08db6ae5b8fd262ffcbb957a2380ed6113e5f30dccd5e1ff1935
e2fsprogs 1.47.3-2 aarch64 snapshot 1a40a434f4009190552620e4e8f410b158d195107e4bc103fde9ae0c4cb07bf3
expat 2.7.4-1 aarch64 snapshot 7fefcfdd609ca51e8e9b7c408304d43ecba929dd047559f51114fba08ba53b4d
file 5.47-1 aarch64 snapshot 00c0df1ddd357825216e1d13a91f274ed483f1505f74fecc8af624ad4e839e2f
filesystem 2025.10.12-1 any snapshot 6b6c3fee7432204840d3b6afc9bc1a68c28f591a47fb220071715c40cca956df
findutils 4.10.0-3 aarch64 snapshot 3e131af3daed6a31324c31861686c7bb2ebc29bc39e3d3f7dc35e80c64fc8109
fontconfig 2:2.17.1-1 aarch64 snapshot 10c55d9d0abca7ea40d778b34cb2fce5f39974042f4f6681c4c541fa24dc771f
freetype2 2.14.2-1 aarch64 snapshot 436dbf39d0839c9ccd637822bdb3c54667f2bacf1a79bae0e9a8401603ffcdaa
fribidi 1.0.16-2 aarch64 snapshot 111a98b837dc6b5d9008b4c3a19bc5baffbcb1096625d758aeb1d51a6e507e3d
gamescope 3.16.29-1.1 aarch64 novadeck 625b8876f65f9cb2d6d4c6a82987c50a8230bb52b093c81334a4ea704756beba
gawk 5.4.0-1 aarch64 snapshot 379dcf5aeb42ea4b59e457692c6c91a2d974484539f122467e75a683f98b6821
gcc-libs 15.2.1+r604+g0b99615a8aef-1 aarch64 snapshot 5d388c5810ed8e58197352a2141f17e79f81d0073ebfaa0ce3de0e72bb006db6
gdbm 1.26-2 aarch64 snapshot 942d709434f29db679927ac2dcddc3f3ebb9009764bdd4fc307b2b1ac1131d81
gettext 1.0-2 aarch64 snapshot ad32d69989678e8eb5a3def2ecd02a7daec27372bad866afe19a5a168a8a240e
glib2 2.86.4-1 aarch64 snapshot eae151d685b8145a8ba33d09915363252031be62a720ecd7dd18f52f4d68de20
glibc 2.43+r5+g856c426a7534-1 aarch64 snapshot 01161ead0058cac0a99b86b70a92f86652ab2434f3cf6e52b3c3fd2538f67e74
gmp 6.3.0-3 aarch64 snapshot ce2594803e2f7176ad1ffe8f17f322be47bb7a41d40d8de31e1827a65df2d820
gnulib-l10n 20241231-1 any snapshot 86e6ea818cb331171018bef6e4486c1176064655e0d459bcecc9cc9c2bb74a2c
gnupg 2.4.9-1 aarch64 snapshot b29edda628e9106b6cc1affd85a53e96694319173cd6f99e044c3420c1ad977b
gnutls 3.8.12-2 aarch64 snapshot ba6541c3ad89851a6ad8c66447541efc7a831e9c67581706645b18174f2d1da5
gpgme 2.0.1-3 aarch64 snapshot 2c0eeb3015b498dfa93f690105efef34ba45d233a45cfebb58e8f5d21fdb371f
gpm 1.20.7.r38.ge82d1a6-6 aarch64 snapshot 3e6233c680baab5204a11099256715c897178dfc123031dd3a462e99daee5701
gptfdisk 1.0.10-2 aarch64 snapshot 089b0e85c42ec462fe14f8bc956350ec5f7bc61d73d2d32aef77c985cbcce1a3
graphite 1:1.3.14-6 aarch64 snapshot c4aa3d60382bc73b3b345386b8c0a6619bd4f25c10ea61a673cf0c616133f585
grep 3.12-2.2 aarch64 snapshot 0915f2004376a6600d9d07ca1cdb7982fa012636b813eaa79f3d40e74ab6b448
gzip 1.14-2.2 aarch64 snapshot e3d1fccd7eab31ab853ebf90d6ae467cfc05f4d6e5c15bc985ed8dfc2c1d2994
harfbuzz 12.3.2-1 aarch64 snapshot b19721bd86f3bc98fd39a0bba58819362c57b4a316a9e56283ede0ea6ad6708c
hidapi 0.15.0-1 aarch64 snapshot 39a25ef6e2602c6835ae971dbaec5e16340ebc61bac419f3badebac6f232f479
hwdata 0.404-1 any snapshot 2126bf1c7844aa5c0ba8b63b03a0941cccc96589c34a0aad7b3a557c54d8f853
iana-etc 20260225-2 any snapshot 648ea40853136b321fa11611e4a82a6f25ee4b9c6fe9c32658ad2d89add8a420
icu 78.2-2 aarch64 snapshot e792b99a520c5bda8db5bb21ed3381caf1dc5b4d35fec48356a016db8725767c
inputplumber 0.81.0 any prebuilt 5509a6f79bec95c240de34833639e3ba8a144752e3745e6eb978b38b8aa05a10
iproute2 6.19.0-2 aarch64 snapshot 46eab4b6e21632051385a231cd117ce696af014c3b99a3a1967dd397a663523e
iptables 1:1.8.11-2 aarch64 snapshot 35171376ec63b9f78427d7465da4f7f7d7adc51970233580161a57d97962c476
iputils 20250605-1 aarch64 snapshot 7243effda28732780bfb297fdd9c89826ef1754b866f9857b6c2b43df5699b05
iw 6.17-1 aarch64 snapshot f586ce187e398fff8cb8994c0709d2566e65de53e71f0040cb6c29a23958f0a7
jansson 2.15.0-1 aarch64 snapshot 5dfc0713191071b80c0dd3836a3419a61b84610f4aa56146fad97d3ab9df7efb
jbigkit 2.1-8.2 aarch64 snapshot 7ab8636db9aead92eee46123469adbd2c72775a45af6aa7a6fc766b36b83e319
json-c 0.18-2 aarch64 snapshot f837b42c4aa892b8e1fe8e4b504566dc6fe4a38d0bc1c524d4ce2c7322d8b2ee
json-glib 1.10.8-1 aarch64 snapshot 2d54c0fb011c320d8e45212ff49aebb3d48d763edcda3724d5550b562d3f3ccd
kbd 2.9.0-1 aarch64 snapshot 2baf951c4d5c8e8e17ea66ef11684dd5cdfb1db4167e40fa7468cea798ac7fd5
keyutils 1.6.3-3 aarch64 snapshot b1e24c67ed87819860a9eafe9d4c5b2169eb815f0a9497feed065f80513746f1
kmod 34.2-1 aarch64 snapshot f06940f11879f78162ab85023871c1989facb55eb5d5c6bebde83519c8c672e8
krb5 1.21.3-2 aarch64 snapshot 6544ef73ff4c5b4ff6e2ffb954229d42738adba2daa8edded23f484320572ba4
lcms2 2.18-1 aarch64 snapshot 5864dffd931de57e0a0675628a549d5e4c705abb5ab9742304ba0b612f0b2e66
leancrypto 1.6.0-1 aarch64 snapshot 7e0ec447b60b8f533837906eff92c245afff807179d80ecc464906db995afa2d
libaio 0.3.113-3 aarch64 snapshot 6426df849e5f47205a876984e60f2edb8ad5f9630489bdd4fc317536c3ecff1f
libarchive 3.8.5-1 aarch64 snapshot 91f347e2932c488113e1c639401052778c62454a5802000e393b510eede29ed1
libasan 15.2.1+r604+g0b99615a8aef-1 aarch64 snapshot 38d05e5559c8f6af4087c84be99817e5553ff9149c8cc3da30d2ec236e1ec4ce
libassuan 3.0.0-1 aarch64 snapshot bd2345c492a80c4e1b84998c3911da454a177cfd7bbb5a352ebcb27f5ea83528
libatomic 15.2.1+r604+g0b99615a8aef-1 aarch64 snapshot 0defca98519e83061ac4077499e39cbd61c1b03a6aa32e18d3a4370b3ad9be58
libavif 1.3.0-5 aarch64 snapshot b5588c3fce954ff416888a197a5a6ebacd04e5cf3ab57a96d8cdaa977558570b
libbpf 1.6.2-1 aarch64 snapshot f13ecaa0892c6477aef2be27ddc564cd50430e59f0221e4e8d4720e54be27445
libcap 2.77-1 aarch64 snapshot 18ff910f9c42ec0a2f5b6212b7858355d187990540996a943fd472804d12fc4f
libcap-ng 0.9-1 aarch64 snapshot ff02d695e6aa4d96c96da6ada156ff3e4ed259abfce3b81978a29a216f8b7454
libdaemon 0.14-6 aarch64 snapshot 2b87acae2cfa1ee3bc1f54304ff88bbbf860dc3c0a5a17d7a6cb721593187fc7
libdatrie 0.2.14-1 aarch64 snapshot 9fd43f430c658410e7936360e54fc2d4ea7091d98e41066c22dc1bfe1de750eb
libdecor 0.2.5-1 aarch64 snapshot 4c8ec0a49902346de675387f0d06d909813b0a95bcb3f2d4f2216993624ae5a4
libdeflate 1.25-1 aarch64 snapshot feba44451c736f1af93b7132df659a129ce03774c13370bdb16ce29b441474f7
libdisplay-info 0.3.0-1 aarch64 snapshot 621bd400597419fe2ff764ec4b223d8ae3b9fc9b69461efb5ecbf43795213c91
libdrm 2.4.131-1 aarch64 snapshot e5bf0c470a0479a8788a3b67a778f46f3f606f813afca7788949b1de57fc1d54
libedit 20250104_3.1-1 aarch64 snapshot 5570f44f0ab7649f78d59bfbb41a13e3796e85cfe351597d1ec042cbf168742b
libei 1.5.0-1 aarch64 snapshot e327b252ec7f484dadc6cc98500d429283e21bf8ad537053e2f75ca5fd81fc34
libelf 0.194-2 aarch64 snapshot d983084b558f82e7a5125cc0c07c5bde9fad177f32f84ffaa7350b11663571aa
libepoxy 1.5.10-3 aarch64 snapshot e31b35835f495a2cfbc3ffeb001793a56e2cca3b8e2051d00654fb0376916461
libevdev 1.13.6-1 aarch64 snapshot 692678460ce2cec1f7f5ce340365ec1e9c525543322398258549e4cee2c0061c
libevent 2.1.12-5 aarch64 snapshot 2552522f67f98541d0bc56313aa08a31ca2d829225d38a67a67b265b2e2dd178
libffi 3.5.2-1 aarch64 snapshot 539e42f19a7ce53bfa5ab63c6e2112eba0650cf9d8ed03dfb020570aa9e8553d
libfontenc 1.1.9-1 aarch64 snapshot df79743f676415bc219a55b1d10e780938695115b8137af9222407a66de7e84f
libgcc 15.2.1+r604+g0b99615a8aef-1 aarch64 snapshot 03d80a98d771a1981ec0ead21a4229dcc317970632d54764678463b079cb705e
libgcrypt 1.12.1-1 aarch64 snapshot 273cb2aac1d354b31c5cceffd5a66290d7294e46b7beb6a1e6dcb843db93fd97
libgfortran 15.2.1+r604+g0b99615a8aef-1 aarch64 snapshot 70990cdbe497082bd9421974a4a19a2dd3f2175223ab9079bacdcdf7b52a390f
libglvnd 1.7.0-3 aarch64 snapshot 071bbab48c59c4a546be845ad7ea29d4bd51624b961a7e877fc154a465d868f8
libgomp 15.2.1+r604+g0b99615a8aef-1 aarch64 snapshot 3d36f210f22b065e93d1213a82995e711cc7c4b652e974a0a4a68f42636a78a5
libgpg-error 1.59-1 aarch64 snapshot 3be40a07777e548875abc614ea408cbfa6ac1bdc442b7f4e47e14e33dc4a2542
libgudev 238-3 aarch64 snapshot 97bb9ff56b0f600c7083a57ea6579491c1a9d612a48ffb92e68e7420524c5d58
libice 1.1.2-1 aarch64 snapshot 022758604c9357e31116fe22841cf05b1984d1b3e1baaa57b0a56fc1ce46568c
libidn2 2.3.8-1 aarch64 snapshot 4da80bd4dfafff46d8716be4e0e13c70cfc42bd06bb30753e091b044e34c3013
libiio 0.26-5 aarch64 snapshot 0ec3a5a139bf525be5d617b5ce7e99dfe4f5edad9c4c2649c6608766d266b36c
libinput 1.30.1-1 aarch64 snapshot 6d456f6196828f451b957ccd89736533ca5e5d5d9eca1f50a5dd8ed2c1a12b82
libjpeg-turbo 3.1.3-1 aarch64 snapshot e0ac96efcf7bddefe7a46211744e8cc7382fbcfeaab32ea93e4b723e5f767cf4
libksba 1.6.8-1 aarch64 snapshot f85c37ed33fa4132a4240ffa103b187c850dc056cebde744537d4ff95ac85050
libldap 2.6.12-1 aarch64 snapshot ee0fdfaf3cfc773eaa95a0758b1ce395ed3b219d4448cd5c97412e41da063d23
liblsan 15.2.1+r604+g0b99615a8aef-1 aarch64 snapshot d027a9ecedf9adeaf2e87e655701ba828ba03680423e3bd37fac357acbb175db
libmakepkg-dropins 20-1 any snapshot 768a4cc48f63d7a8eb4adcc3c69d9d69e2375c970d688d00c7201b4e7f4faa19
libmm-glib 1.24.2-1 aarch64 snapshot bac0146ca1e2f60deccabcc9f81dded0dfe249874a23900a8e53bdfbf179ff55
libmnl 1.0.5-2 aarch64 snapshot fa3c76a8c9072cbf32dcf59245a0cd9a4a2922f00c84a21cb01f7495aa8c190d
libndp 1.9-1.2 aarch64 snapshot 1872421fa4d9ffe0bff7222703a8768f2d1280b089f1175357a9658ad26bcf2c
libnetfilter_conntrack 1.0.9-2 aarch64 snapshot 708988b0ec002283b30d7e948f87c4217a1ced878be8d3fa1659d22290a2f50b
libnewt 0.52.25-2 aarch64 snapshot 9f20d82e61de162650482d1f5c1d8e6785ff8d1ff960846aa3bd445498148c20
libnfnetlink 1.0.2-2 aarch64 snapshot eb2836eb830b2a587e293ce89548ba822c14c92cd385ee70666c346e2146c3a4
libnftnl 1.3.1-1 aarch64 snapshot 9e526984c7bae7fd4673d98c6bd60ab9f79c2b3558edb8b8892ed70fca21f96a
libnghttp2 1.68.0-1 aarch64 snapshot e3b3f8f92e4c8e1048204ac8b96528c332300f024827dcd44b48eb0add2d68c5
libnghttp3 1.15.0-1 aarch64 snapshot bcce22b365126e794261619061eac8a09471c09f5c24ade223488e87d127b022
libngtcp2 1.21.0-1 aarch64 snapshot 971caaaf8759c04ca4062ab9dabf72c4320458c0ad891e881df07fb41b7dba3a
libnl 3.12.0-1 aarch64 snapshot 4bc4a91da3c597adc4ed4629d8ab4f5abc405c4bd7b3998894b7171bee6fa9f7
libnm 1.56.0-1 aarch64 snapshot 8a03e036f1cb3595324dad9028e75589e6ae27701b3d9e6f39d28ca707f0c9c5
libnsl 2.0.1-1 aarch64 snapshot b25e52fda0d05348e5f7655825bfe9476b47e37b4fbd92f6e0badec8fcf31888
libobjc 15.2.1+r604+g0b99615a8aef-1 aarch64 snapshot 05418d7d681955eb66befbf74fb55161414ba7e87022672f96d3ee901ff3d5e7
libp11-kit 0.26.2-1 aarch64 snapshot c41c9febe687f3236f9d7411e45a9fcbc10825d8cc93f4a241315698f656dc73
libpcap 1.10.6-1 aarch64 snapshot 2259ac87c360873786cecee5740770c81ed47ba7dac1478581a5c0dd295a437e
libpciaccess 0.18.1-2 aarch64 snapshot 6457a51dda866961a083bac166646205edf31a621f7f83b8a096d1a7825b388c
libpgm 5.3.128-3.2 aarch64 snapshot 68589e1342b6fd3fce294ac6f29645988556e0be37b4da39d5e4dc2adfe1d45c
libpipewire 1:1.6.0-1 aarch64 snapshot 872d7c41a9ba5ed19dd9d9a248f5dd349e7753b14344d87a1d4369d8818a1245
libpng 1.6.55-1 aarch64 snapshot 237fdce7e7726b6f9ff3395457e8949770a6cdde04cb48915c82edae38594055
libpsl 0.21.5-2 aarch64 snapshot 196b48fdd464d5a9fa3e6e6a8092193447b5f0ce8d59ed238d6b66a8b90fb656
libquadmath 15.2.1+r604+g0b99615a8aef-1 aarch64 snapshot 380dd6e4e149c7dc8f31d18e2f907383346e22fa3f6e970a1d8265a7ee43e087
libsasl 2.1.28-5.2 aarch64 snapshot 4261db0a05f370beec55bcb5e253ffac3dbfb81fa85e00746f775c8a46ceffbf
libseccomp 2.6.0-1 aarch64 snapshot 3f932df299e9494371c4a3fbfc6d1a0fa3803593ea379bbd150aa7df7e1aa92a
libsecret 0.21.7-1 aarch64 snapshot d57c064e66bba839a5457646d4635390f698fb61aae271ebcd45e72d8ba9e07f
libserialport 0.1.2-1 aarch64 snapshot b458bbeedb24c5f0363368a822b9208b8ec1ea36c37c253ca3fd5039c46e6b1a
libsm 1.2.6-1 aarch64 snapshot c9e23265d839a78c10d9922018204fbea83fc74b41d9d2d47ab77d4e6af82b49
libsodium 1.0.21-1 aarch64 snapshot 4100d1800b58ceddb628c6cd3d28086c41005557bd1c79bb6985d6f0f0dd5a24
libssh2 1.11.1-1 aarch64 snapshot 690607215e2c0ddfd84dbafce4f93d5cbd35a7070343085ba09249655643bc95
libstdc++ 15.2.1+r604+g0b99615a8aef-1 aarch64 snapshot 3f14f6e8360547297a88e04b6da1232af32c071f347a56e2ec88155a742caf46
libsysprof-capture 49.0-2 aarch64 snapshot 9299e4dc3b91402cbed3064ce2dfd8a261613eb4db0f6c6714e3f287b4416182
libtasn1 4.21.0-1 aarch64 snapshot 9f32a3c30395c3d6f792d36fccf0a52fd46a4e256b5bd87bdb4807d98a9ba6d3
libteam 1.32-3 aarch64 snapshot 1ce21f0c70a847bc15a49e549fb7189b560ed2c59f426de0b411c5762b8753cf
libthai 0.1.30-1 aarch64 snapshot 5de907801ef26570a2f97c1e9f739d3e110bdfe1e52d121f4eea9391ccfb72ac
libtiff 4.7.1-1 aarch64 snapshot b5b7c13e76b6ea63411c69dfb83e5f42bff92b8f8cf082a2986caca9f0eea680
libtirpc 1.3.7-1 aarch64 snapshot b1a0dde910f94ebb37d6df988257432f24cb691282609edd8bae00dbf7166d1c
libtsan 15.2.1+r604+g0b99615a8aef-1 aarch64 snapshot e6d9393134ab222dd33a5c27397351b23bc88d3bdbd3e325dd6f0f0338d19ede
libubsan 15.2.1+r604+g0b99615a8aef-1 aarch64 snapshot 2585cbb8bb1c34f446d6e8f510319529e90f9cbb10d470dfd9a4879d4440cc13
libunistring 1.4.1-1 aarch64 snapshot 70769aec5b9ac44ec5c1e548bf4af591bd704edac20dbd29d1f80fb33d4114cd
libusb 1.0.29-1 aarch64 snapshot b3c1ef3cdf547ddc7a852ea426da7d2c920298c5c231537b33c896606b6fb27d
libverto 0.3.2-5 aarch64 snapshot b3a963cab86738da594746c74ebc2aa2ab32015af5af8cdd2b68195cb3368bd3
libwacom 2.18.0-2 aarch64 snapshot debda4b77ffa866de61b49bcbf0b1b742c09ad46048ba026ce9c798565030efd
libwebp 1.6.0-2 aarch64 snapshot d9d6e55d480c5688dd5b05530b25b5f59f877814d78231e6277f153c34834c43
libx11 1.8.13-1 aarch64 snapshot 5d626413d43a2b81f200dc2c9cd4a4a129836fc648a64a8a4ce3aa511b0ce9fc
libxau 1.0.12-1 aarch64 snapshot 0ff8f3ed8ce34ffb0058c074029e170dec24dbb10e1d2d62af3bc7c7a2f81da1
libxcb 1.17.0-1 aarch64 snapshot 0db12db6b386cf9f009153e560301dc20b32b8950fe8f996394a6ee14a7a9251
libxcomposite 0.4.7-1 aarch64 snapshot 62f556603dbe6d3643c1ccac72d8c74f9a7d5cf3d335711f88549f2e1b609eec
libxcrypt 4.5.2-1 aarch64 snapshot 0eb7e2fac74c3320306dbded65ce0d1dcfa6fa8c0e4400d7945f84834fc69633
libxcursor 1.2.3-1 aarch64 snapshot 9c36192309843ff1e00c051c8e1fb5c3d48dbe4d0570d12a745c4b7188470662
libxcvt 0.1.3-1 aarch64 snapshot e6889e9b094c6455df8a6444c9940476172f3fb89fb9076a304a0a964e64a122
libxdamage 1.1.7-1 aarch64 snapshot 0c65cf7818507d100d8413897cea344e32a9ead0c3b71fcf8a0b06f1adaa2daa
libxdmcp 1.1.5-1 aarch64 snapshot 2085d8683f5194e84336ca8131181c7a30d5a5efbfede0f74b7f32c160a161ea
libxext 1.3.7-1 aarch64 snapshot d2415c8d1e51af0dc24b265d1f15525b09f44dea8331ae4ec22ee19dc05d6b83
libxfixes 6.0.2-1 aarch64 snapshot 739c5681fb311298e661eaaf76cef39458181b6acfc71d527908446d466326fd
libxfont2 2.0.7-1 aarch64 snapshot bd2671b45d4b5acf8f203a7ff98194750f6f5e3b6b51d1dde36c6c7cf5f4e7ca
libxft 2.3.9-1 aarch64 snapshot 4f5743f0c6e7f0ab9636b21992e09ac1dd0a46a43c15a5aa082619f024c24e6d
libxi 1.8.2-1 aarch64 snapshot 2ecac1e436f0b5fc249e597d180603097f52b46d43c9175ef53b814a8d9d4bcc
libxkbcommon 1.13.1-1 aarch64 snapshot 58665587187aed82302c49be40d4db5d6e3985668702f890c7ac092a3973bf51
libxkbfile 1.2.0-1 aarch64 snapshot d92b185268fd836b6e8b9f3c351d0310d743494b41ee1208cf281ea6b0ca181c
libxml2 2.15.2-1 aarch64 snapshot 4efbf1e5fceadcb93922884db4243739b4401118883d5d4d7275cdc961d4c117
libxmu 1.3.1-1 aarch64 snapshot d6f3969e54a1ed0c777039ddc25b674737e533345fe561d40fe9353971c9dc0d
libxrandr 1.5.5-1 aarch64 snapshot a36f1d19554f7c480cdac3cc6b30346c41b0c73e2d08061a7a0728004a2285d4
libxrender 0.9.12-1 aarch64 snapshot ef4fd7f2535503bca6956f6d665e02c6c6ff3b48e75a8703dd211aa3af86a673
libxres 1.2.3-1 aarch64 snapshot 51e573ffe16b8656684b47ce2c3f4e19d79541c6dfb49715d49c6104eb31c07a
libxshmfence 1.3.3-1 aarch64 snapshot 02c67ce63904c360ceaa7c8f406b1211e8257fbc05f7bd26dceb0ba941c8a81e
libxt 1.3.1-1 aarch64 snapshot e42b25f49f8a453512da92a9c0d6abaf9633f0c1743a93476af775b926787214
libxtst 1.2.5-1 aarch64 snapshot a5f7228858f771a19c7eb64f4df41dd2f08579f567b7c7df1b23e58dec9079a8
libxxf86vm 1.1.7-1 aarch64 snapshot d8cc451de29d4d0739a57e819dad995f1beac602b5acde5bdd39091b64c9918e
libyuv r2426+464c51a03-1 aarch64 snapshot 262963ade7421af529f30aa8e86d1698b493245fcbd9361617ff8c1672d65511
licenses 20240728-1 any snapshot 47e9f4ad914da21f6326cc4eb84a788043523191f80d8e661b936b25d7fa1879
linux-api-headers 6.19-1 aarch64 snapshot 4ccdbc34178cbc11faf9a93f06a7f70d13bf24f29e5311271a59c74b7db8ce0d
lmdb 0.9.34-1 aarch64 snapshot 93feac90acbd67a19c5e934fae32470418fcacffe7c843a6750aaff26025a280
lm_sensors 1:3.6.2-1.2 aarch64 snapshot 0227689b3ff48c3f9bf51eca86334c9dd1cf408efc60fa0867681cb177fa5a85
lua 5.4.8-2 aarch64 snapshot 42ef5c113a05f1dba2e0a0a317a54048966049f1c550f63ad14b41fac7bb34f0
luajit 2.1.1767980792+707c12b-2 aarch64 snapshot 0e9ffa8a65e38ebc232cb1c0b9a9f9ca6764be5a8669607c81558a9506e35120
lz4 1:1.10.0-2 aarch64 snapshot af5d44c36259e2257ba033b623ef6104dcc2a552271264b6b433ddaf8422f3ee
lzo 2.10-5 aarch64 snapshot ff11d9a5060ae28fbece3faad126724314232747cc09b836157f02ee09d3869a
mesa 1:26.2.3-1.1 aarch64 novadeck ea5141ffec967360dd633344b01e9f8fcee48de81a3edb1fed0d1ec4c08925b6
mobile-broadband-provider-info 20251101-1 any snapshot 1b0146d8b72f6ffc3edcccd5709d8de42798c4827a5fccd994c389584d60c56c
mpdecimal 4.0.1-1 aarch64 snapshot eff733ac090d3010d32720a43a8c5a51085bff934a80d6ebc58f6fbdfa6f1cb6
mpfr 4.2.2-1 aarch64 snapshot 25f827431b1a13a6f524d76e62c0b0bdc5c1bf6ffd3d849cf73b5f840172ac2f
mtdev 1.1.7-1 aarch64 snapshot ddc6848de75a95048baacb5a27f06980dc1f8384f41bd5346d0dd048ee8ebd86
mtools 1:4.0.49-1 aarch64 snapshot 1dde2158e72277060b0a7722d223985200cc377a8dc1e1d7b8adcfbc474d0aa4
ncurses 6.6-1 aarch64 snapshot 720abd9c7cac95a6158ffb95370a0207d56bc8ce9a489df85fdf99519a30288d
nettle 3.10.2-1 aarch64 snapshot 5cb3df998f01ea7ff5fed07631c2fe4e17ce3b805e09a1137a5dd9dca2e82acd
networkmanager 1.56.0-1 aarch64 snapshot 832283a4cbc90af83531f94c963262e35f4328876a54e603b63bc4c0d21e87fb
npth 1.8-1 aarch64 snapshot 33c3ce47a23ab2db17bedfb58cf5a8a4a88328875425f63331893f609bfc784f
nspr 4.38.2-1 aarch64 snapshot 8f1ad44d9f9caf9dddf1c54de56ce9c0398770068df57f688c692729a1702b14
nss 3.121-1 aarch64 snapshot 664cd6fbfc95f209e59250f211444bef1f9e1520e9bc573f62b383cd28fd9118
openssh 10.2p1-2 aarch64 snapshot b96ab7c370317b95543420e34b544317272d48560d0a559d83de8dc501073713
openssl 3.6.1-1 aarch64 snapshot 4c1ace142f95606d0bd1e0a391f81a7c906fd5b6d0785720d84503460cb0f762
p11-kit 0.26.2-1 aarch64 snapshot d24d1ca04632100a7c91f9c28819f91a84f0cbbfb2f97a86d2795a914f2d9e17
pacman 7.1.0.r9.g54d9411-1.1 aarch64 snapshot c01e7431f2d2b0693b1ba59fd2464144d21fc618783390f123f55edf39070c87
pacman-mirrorlist 20260213-1 any snapshot db35111db8dfb3939ab21cd5332e2d946d2d07a26db7c521688889c7e9bd20e2
pam 1.7.2-2 aarch64 snapshot 94cc8603e0866512488a3327954c1b6f6b20272b6cee3ffc1d9d8c21c12289d4
pambase 20250719-1 any snapshot 30c95795caf0c17f98897f96e96a03c6999f2682c160c13a0d6e82d768938c22
pango 1:1.57.0-2 aarch64 snapshot 2c747bc0f8e09206376d2af888e044a036a6370d6f2d06de33066f887da54e99
parted 3.6-2 aarch64 snapshot 64b6728b4e62058653d7142d0c9eac84dbeaa572b32eb777a367543983c28540
pciutils 3.14.0-1 aarch64 snapshot 84008b6de6145c5da676e0b05259025c79a6f7deccd1a2b0584ce4c8e6082a8f
pcre2 10.47-1 aarch64 snapshot c5584a9df4ed6c5fba7744d479a691b3dcde5b920e50c3ea4e1a4429d4e8413b
pcre 8.45-4 aarch64 snapshot 5fd3b480563bcf9a69e993b6a2cfbeccc42f74fe92f2a806dec029045328b3f4
pcsclite 2.4.1-1 aarch64 snapshot 51968a4e9751df2eabfed24baeda73dca9ced923ebccb706b5153d2664f32c5d
pinentry 1.3.2-2 aarch64 snapshot eda80ca774898a19d28f9bbadc6ec3e8306632e2c10457239530346b83756533
pixman 0.46.4-1 aarch64 snapshot b2133d3630f753b60d09140d5ba500f82e7bbcba7605b90c027a9900d57be6f7
polkit 127-3 aarch64 snapshot e7b30610ec913755af8d95e167fc5d7d62e44d7a048616271ef31ebb641aa840
popt 1.19-2 aarch64 snapshot 2c40b09299ff8f955956053a68ea18297e94172413c3c1a5e1411790467fbac1
procps-ng 4.0.6-1 aarch64 snapshot 4ab791f203e8788ad8ec17c274c73676568412e5099f596b3b30cc7ab8e47b5d
psmisc 23.7-1.2 aarch64 snapshot 92ee5919c0d4b72e600f6751c34ece117b058b463f657787ea2f1efb968c7162
pygame-ce 2.5.8 any prebuilt bb91d0bb0b5e2a4da61910d752769d4580cacffb4b7338cee57c932351c67e7b
python 3.14.3-1 aarch64 snapshot 4d38a62cf03a61c5f9c12c7950cb358db2b69231111f97653184bb45a3f9f4c3
rauc 1.15.2-1.1 aarch64 novadeck b1ace121214ab365bb9b692e760b029472fb724335e9d0ed7bdfeb05efedb772
rav1e 0.8.1-2 aarch64 snapshot 23c38edb528a8a0622190d7a6c97151bd3cc9bc1fdf1bf80a36b7d42748599f3
readline 8.3.003-1 aarch64 snapshot 234d34bfa158e7355f805469b5c21ca92de35dd8b130eb647841f39ef4b62ff5
sdl2-compat 2.32.64-1 aarch64 snapshot 7c29c5f71c089d181dc3cc871617a7fa3efe9779d0d2ac15b8981fed96b7e250
sdl3 3.4.2-1 aarch64 snapshot 12424231a395d2bc79c0d5bb5894c173c7aaf626ae8c435c0f7c063b6ccf9508
seatd 0.9.3-1 aarch64 snapshot c827edc127c633fa3d6290fd0242ff2f680b8788a0dc7b29442e5a3943ae0940
sed 4.9-3 aarch64 snapshot a26361ef76878c9d599d2d5df8dd25c4cd331a915f2992512e689cde362fe6f9
shadow 4.18.0-1 aarch64 snapshot 14d1768924550f181fbd14113cabe19e2395d6eb8db98dbec0f4eaad3ecfe424
slang 2.3.3-4 aarch64 snapshot efa9b7759db82e6ece8cccabfbc22cfda4faa5a9e07ae2cbf812ccb8a37db8a9
spirv-tools 1:1.4.341.0-2 aarch64 snapshot 74ae10c42bcd2c89bf0dff7e97985bb15cdd3a26011110b386404f5884873e85
sqlite 3.51.2-1 aarch64 snapshot ddda1a6ef821d592fb735eee330402ad10a7796a3f72d12ced0f721dd2212842
svt-av1 4.0.1-1 aarch64 snapshot e8b237a7dc295ac782a80bb87b722fa028200287a2cf14fcc8133b25e866934a
systemd 259.3-1 aarch64 snapshot 8ab0f9e9189f138a352fb8a9c78b0c4f0b0ea148daf2cbecd757c281ea4d5f82
systemd-libs 259.3-1 aarch64 snapshot 08cdcf6af442a7852551586a38198ad248a30d4bfaa61fabca758cc9458c7d28
systemd-sysvcompat 259.3-1 aarch64 snapshot efc54f59499e1e81566970c33c15961b10238b5f6cb8a99f069cd4ae77e2c721
tar 1.35-2 aarch64 snapshot 6df1df2209e1b9830293607fb22b3e1236c74dee0e550677baec0683a87f6f0d
tpm2-tss 4.1.3-1 aarch64 snapshot 851d67bd6cb1a86dd405119872b19c543c4d8a982932c3df2c24ad3325899fdb
tzdata 2026a-1 aarch64 snapshot dc068920217dc3326374815c97dcda62e4562d8c872dc5be59aee2edde58cc56
util-linux 2.41.3-2 aarch64 snapshot 7921aac47c646a94e768e2147609e05aadad669c2189d7e4266b568e0942f51d
util-linux-libs 2.41.3-2 aarch64 snapshot 333b91fe2670ea194fb375c26529fca443e80800e0c8229c7627d34f0135eaca
vulkan-freedreno 1:26.2.3-1.1 aarch64 novadeck ea5141ffec967360dd633344b01e9f8fcee48de81a3edb1fed0d1ec4c08925b6
vulkan-icd-loader 1.4.341.0-1 aarch64 snapshot 8ac7dce6088c7846ad03dd37ca2b8529752d4588488c3ec5a686d7ba24faa493
vulkan-mesa-device-select 1:26.2.3-1.1 aarch64 novadeck ea5141ffec967360dd633344b01e9f8fcee48de81a3edb1fed0d1ec4c08925b6
wayland 1.24.0-1 aarch64 snapshot a7869a1679eeb0d8a02e690bf13939a5f103cb354e7f46dca3f5395b14c8f940
wireless-regdb 2026.02.04-1 any snapshot 9ad1ab59ce30598db160c673729427b3da753deccf09f779babca2190e59f65d
wpa_supplicant 2:2.11-5 aarch64 snapshot 2f27be75e6273b51ba0b9a8c13d37d4074201e73f82c3f381754d00e323e2c9c
xcb-proto 1.17.0-4 any snapshot 6d56a9253612223a21fc3f90bc2e9c04e3b6e0f927ee682b358897c793ec324b
xcb-util-errors 1.0.1-2 aarch64 snapshot 4fdfcca00f5d18d2296d36f2e8e283fd4fb0f471cc6b63f6276e10b7d9350374
xcb-util-keysyms 0.4.1-5 aarch64 snapshot acb7990422b639254cef13828d6ccd7b7e524c6a3caac2cbace9e0937ac206ca
xcb-util-wm 0.4.2-2 aarch64 snapshot a8d3059b374c8994eeaceb9c2ef42e9a9156653f974b018da359e3b5c91fe47a
xkeyboard-config 2.47-1 any snapshot 2a18c48877c01880759b32ca8a9fb2746c259634ecbf2201d5933f124bbc0063
xorg-fonts-encodings 1.1.0-1 any snapshot 2999e3fe140bc7b0d3b31b48f0ebcabfe6371087024eaf1c8f591785846318b3
xorgproto 2025.1-1 any snapshot fae26e457170620dd69f377eb834e210c3cabbef98e711a4611b08f379280bf0
xorg-server-common 21.1.21-1 aarch64 snapshot 7563770f053c62f700efb71d41fb82f3b4372d5a783917ef2cf8244217a65d0a
xorg-setxkbmap 1.3.4-2 aarch64 snapshot fb60ee97e6b9c5668efad62f8e3acb58a09592b7332e8b0d70a928483bc418e7
xorg-xkbcomp 1.5.0-1 aarch64 snapshot a9b7f3d98b21edf4713f4f89ec2ee58d05da7216cf607aa78537076241fd3231
xorg-xwayland 24.1.9-1 aarch64 snapshot bfb9cfd9681bb23f4fcc615636b3e19b4c3850978cd7068d7cc81cdbbf851e33
xz 5.8.2-1 aarch64 snapshot 4f71d017538e8dfca27a53451b04b5a7cf947e2d47a3565d27a15427247cd7a9
zeromq 4.3.5-3 aarch64 snapshot 2fa6ded8f72a4ac1cc1b97f466b055904f8d17070e45e746747bfef462456c6d
zlib 1:1.3.2-2 aarch64 snapshot 6ce15ed44b55be9b011202132bd5a4fff0c93fcc3160e658b741f25ca1a49833
zstd 1.5.7-3 aarch64 snapshot 8b9459b58cd34839b528d818052aeb7d4b5cba539ca11db4307f8b6844201504
